// !$*UTF8*$!
{
	archiveVersion = 1;
	classes = {
	};
	objectVersion = 46;
	objects = {

/* Begin PBXAggregateTarget section */
		6BF66E6959D44E05852DBA9D /* ZERO_CHECK */ = {
			isa = PBXAggregateTarget;
			buildConfigurationList = C4DB7788F02E4965A8B2A456 /* Build configuration list for PBXAggregateTarget "ZERO_CHECK" */;
			buildPhases = (
				0C0A3D231C7F44DF914459AD /* CMake Rules */,
			);
			dependencies = (
			);
			name = ZERO_CHECK;
			productName = ZERO_CHECK;
		};
		88424FD1C74E4CE8ACA0530F /* uninstall */ = {
			isa = PBXAggregateTarget;
			buildConfigurationList = F04B724AD5AA4D8799119DDB /* Build configuration list for PBXAggregateTarget "uninstall" */;
			buildPhases = (
				DB3A2E78F70146DFBF465E4F /* CMake Rules */,
			);
			dependencies = (
			);
			name = uninstall;
			productName = uninstall;
		};
		E712D76476B54D069C1CF28E /* install */ = {
			isa = PBXAggregateTarget;
			buildConfigurationList = 3F70E93E0FFD4D4C8E5F1213 /* Build configuration list for PBXAggregateTarget "install" */;
			buildPhases = (
				FED282E2E2FC403AA39BC2BF /* CMake PostBuild Rules */,
			);
			dependencies = (
				979D14E32F3B48DDAEDDEDC7 /* PBXTargetDependency */,
			);
			name = install;
			productName = install;
		};
		ED65811D153E4831AC7118CD /* ALL_BUILD */ = {
			isa = PBXAggregateTarget;
			buildConfigurationList = 95E85A0417DC4A1A8E64F05B /* Build configuration list for PBXAggregateTarget "ALL_BUILD" */;
			buildPhases = (
				9CCB21084C874447AF5728B5 /* CMake Rules */,
			);
			dependencies = (
				083CE461EC7444679E3A25C3 /* PBXTargetDependency */,
				565BE5D87BD646B8AE355B8C /* PBXTargetDependency */,
				42E5B4BAE1FB41EFA0052054 /* PBXTargetDependency */,
				3386887255F3484699535A3A /* PBXTargetDependency */,
			);
			name = ALL_BUILD;
			productName = ALL_BUILD;
		};
/* End PBXAggregateTarget section */

/* Begin PBXBuildFile section */
		057035072B34480C804AF96B /* /Users/Emma/Documents/UCB/cs284/p2-meshedit-sp20-zhezhaosp19/xcode/CGL/deps/glfw/src/glfw_config.h */ = {isa = PBXBuildFile; fileRef = BE1BB3121A834431BF2C9BC1 /* /Users/Emma/Documents/UCB/cs284/p2-meshedit-sp20-zhezhaosp19/xcode/CGL/deps/glfw/src/glfw_config.h */; };
		07D20FE1857C49C995E12642 /* /Users/Emma/Documents/UCB/cs284/p2-meshedit-sp20-zhezhaosp19/CGL/deps/glfw/src/monitor.c */ = {isa = PBXBuildFile; fileRef = C578E59EC5A74308A7C21243 /* /Users/Emma/Documents/UCB/cs284/p2-meshedit-sp20-zhezhaosp19/CGL/deps/glfw/src/monitor.c */; };
		0C8A34D8D90B4533BF87DEEE /* /Users/Emma/Documents/UCB/cs284/p2-meshedit-sp20-zhezhaosp19/CGL/src/matrix4x4.cpp */ = {isa = PBXBuildFile; fileRef = BDF7684109904AFDB9B4CEA3 /* /Users/Emma/Documents/UCB/cs284/p2-meshedit-sp20-zhezhaosp19/CGL/src/matrix4x4.cpp */; };
		0CD122A42945405E89B82272 /* /Users/Emma/Documents/UCB/cs284/p2-meshedit-sp20-zhezhaosp19/CGL/src/matrix3x3.h */ = {isa = PBXBuildFile; fileRef = 58942E25C0964E5B97AAC237 /* /Users/Emma/Documents/UCB/cs284/p2-meshedit-sp20-zhezhaosp19/CGL/src/matrix3x3.h */; };
		123B0D211A0842F3AE9A28E4 /* /Users/Emma/Documents/UCB/cs284/p2-meshedit-sp20-zhezhaosp19/CGL/src/osdtext.h */ = {isa = PBXBuildFile; fileRef = 6A009F44B5AB451799489217 /* /Users/Emma/Documents/UCB/cs284/p2-meshedit-sp20-zhezhaosp19/CGL/src/osdtext.h */; };
		1AC9424DF80B47ACBDD85539 /* /Users/Emma/Documents/UCB/cs284/p2-meshedit-sp20-zhezhaosp19/CGL/src/vector2D.h */ = {isa = PBXBuildFile; fileRef = 90926F22F948420FA7D04E90 /* /Users/Emma/Documents/UCB/cs284/p2-meshedit-sp20-zhezhaosp19/CGL/src/vector2D.h */; };
		2511B06777A34E1788F2A4AF /* /Users/Emma/Documents/UCB/cs284/p2-meshedit-sp20-zhezhaosp19/CGL/src/base64.h */ = {isa = PBXBuildFile; fileRef = 21DC6FC71F3E4E3C9A6AE71B /* /Users/Emma/Documents/UCB/cs284/p2-meshedit-sp20-zhezhaosp19/CGL/src/base64.h */; };
		26D2C4FDC34842BE8D298C52 /* /Users/Emma/Documents/UCB/cs284/p2-meshedit-sp20-zhezhaosp19/CGL/src/vector4D.h */ = {isa = PBXBuildFile; fileRef = 3F0307DC3F574374A21051D1 /* /Users/Emma/Documents/UCB/cs284/p2-meshedit-sp20-zhezhaosp19/CGL/src/vector4D.h */; };
		291EBA47FA8C4254AF4F0CEA /* /Users/Emma/Documents/UCB/cs284/p2-meshedit-sp20-zhezhaosp19/CGL/deps/glfw/src/posix_tls.c */ = {isa = PBXBuildFile; fileRef = 01898D6B31154AC99FCEB661 /* /Users/Emma/Documents/UCB/cs284/p2-meshedit-sp20-zhezhaosp19/CGL/deps/glfw/src/posix_tls.c */; };
		2FE1E602223A4736A7765FAB /* /Users/Emma/Documents/UCB/cs284/p2-meshedit-sp20-zhezhaosp19/CGL/deps/glfw/src/internal.h */ = {isa = PBXBuildFile; fileRef = 0007319AB3E440E489AA29AB /* /Users/Emma/Documents/UCB/cs284/p2-meshedit-sp20-zhezhaosp19/CGL/deps/glfw/src/internal.h */; };
		32097EFAF0804217820A5A98 /* /Users/Emma/Documents/UCB/cs284/p2-meshedit-sp20-zhezhaosp19/CGL/src/base64.cpp */ = {isa = PBXBuildFile; fileRef = 6ED3195B55B94EB7BD36F51F /* /Users/Emma/Documents/UCB/cs284/p2-meshedit-sp20-zhezhaosp19/CGL/src/base64.cpp */; };
		3711FF5D6A0B41F2A2A4BA68 /* /Users/Emma/Documents/UCB/cs284/p2-meshedit-sp20-zhezhaosp19/CGL/deps/glfw/src/context.c */ = {isa = PBXBuildFile; fileRef = 6DB6E495FE57403E97124A09 /* /Users/Emma/Documents/UCB/cs284/p2-meshedit-sp20-zhezhaosp19/CGL/deps/glfw/src/context.c */; };
		38D2C00365DA404CBE69988D /* /Users/Emma/Documents/UCB/cs284/p2-meshedit-sp20-zhezhaosp19/CGL/src/tinyxml2.cpp */ = {isa = PBXBuildFile; fileRef = 5D0BA24C41E644B68AFD5C5C /* /Users/Emma/Documents/UCB/cs284/p2-meshedit-sp20-zhezhaosp19/CGL/src/tinyxml2.cpp */; };
		40536F09F5164B4FAB9B6478 /* /Users/Emma/Documents/UCB/cs284/p2-meshedit-sp20-zhezhaosp19/CGL/deps/glfw/src/cocoa_platform.h */ = {isa = PBXBuildFile; fileRef = D4A05F6E045947AFBB5FD4DE /* /Users/Emma/Documents/UCB/cs284/p2-meshedit-sp20-zhezhaosp19/CGL/deps/glfw/src/cocoa_platform.h */; };
		461E3FF2EAEC40718882682D /* /Users/Emma/Documents/UCB/cs284/p2-meshedit-sp20-zhezhaosp19/CGL/src/vector3D.h */ = {isa = PBXBuildFile; fileRef = 28DF2B9261B04EA3BFB1B519 /* /Users/Emma/Documents/UCB/cs284/p2-meshedit-sp20-zhezhaosp19/CGL/src/vector3D.h */; };
		46F2DA472C8D423D857E1782 /* /Users/Emma/Documents/UCB/cs284/p2-meshedit-sp20-zhezhaosp19/CGL/deps/glew/src/glewinfo.c */ = {isa = PBXBuildFile; fileRef = D80A9262B8E7486F81307BC6 /* /Users/Emma/Documents/UCB/cs284/p2-meshedit-sp20-zhezhaosp19/CGL/deps/glew/src/glewinfo.c */; };
		4C099DBAA78E4E6886EB5002 /* /Users/Emma/Documents/UCB/cs284/p2-meshedit-sp20-zhezhaosp19/CGL/deps/glfw/src/init.c */ = {isa = PBXBuildFile; fileRef = D189F0117D9048EAB7A8AA7D /* /Users/Emma/Documents/UCB/cs284/p2-meshedit-sp20-zhezhaosp19/CGL/deps/glfw/src/init.c */; };
		580801090554403294F32ABB /* /Users/Emma/Documents/UCB/cs284/p2-meshedit-sp20-zhezhaosp19/CGL/src/complex.h */ = {isa = PBXBuildFile; fileRef = 426C0DDC1AA247F6894A8372 /* /Users/Emma/Documents/UCB/cs284/p2-meshedit-sp20-zhezhaosp19/CGL/src/complex.h */; };
		5AB4844464B7495CB9AF640E /* /Users/Emma/Documents/UCB/cs284/p2-meshedit-sp20-zhezhaosp19/CGL/src/osdtext.cpp */ = {isa = PBXBuildFile; fileRef = 794B7BCB5D474F97AB903898 /* /Users/Emma/Documents/UCB/cs284/p2-meshedit-sp20-zhezhaosp19/CGL/src/osdtext.cpp */; };
		5B4BD6AFC49D4E5D83716438 /* /Users/Emma/Documents/UCB/cs284/p2-meshedit-sp20-zhezhaosp19/CGL/deps/glfw/src/mach_time.c */ = {isa = PBXBuildFile; fileRef = F901626F1B0F426E927077DB /* /Users/Emma/Documents/UCB/cs284/p2-meshedit-sp20-zhezhaosp19/CGL/deps/glfw/src/mach_time.c */; };
		5D27B42CDF394523BBE99906 /* /Users/Emma/Documents/UCB/cs284/p2-meshedit-sp20-zhezhaosp19/CGL/deps/glew/CMakeLists.txt */ = {isa = PBXBuildFile; fileRef = 9BD7282654B54AD8884CFFDD /* /Users/Emma/Documents/UCB/cs284/p2-meshedit-sp20-zhezhaosp19/CGL/deps/glew/CMakeLists.txt */; };
		60AF5C0FED9543FD9A874BE4 /* /Users/Emma/Documents/UCB/cs284/p2-meshedit-sp20-zhezhaosp19/CGL/src/quaternion.cpp */ = {isa = PBXBuildFile; fileRef = 82F0510C309E4A9AAABACA90 /* /Users/Emma/Documents/UCB/cs284/p2-meshedit-sp20-zhezhaosp19/CGL/src/quaternion.cpp */; };
		66427781A69B43619E4FBDE2 /* /Users/Emma/Documents/UCB/cs284/p2-meshedit-sp20-zhezhaosp19/CGL/deps/glfw/src/posix_tls.h */ = {isa = PBXBuildFile; fileRef = ADA74BBF29E649D29BC8C112 /* /Users/Emma/Documents/UCB/cs284/p2-meshedit-sp20-zhezhaosp19/CGL/deps/glfw/src/posix_tls.h */; };
		67546B45C4B140089176AF51 /* /Users/Emma/Documents/UCB/cs284/p2-meshedit-sp20-zhezhaosp19/CGL/src/vector2D.cpp */ = {isa = PBXBuildFile; fileRef = BD10FE7C51904068B7191085 /* /Users/Emma/Documents/UCB/cs284/p2-meshedit-sp20-zhezhaosp19/CGL/src/vector2D.cpp */; };
		6A16F7D42A4D401EA5E19A96 /* /Users/Emma/Documents/UCB/cs284/p2-meshedit-sp20-zhezhaosp19/CGL/deps/glfw/src/cocoa_monitor.m */ = {isa = PBXBuildFile; fileRef = 8EF3A0970FDE4676956826ED /* /Users/Emma/Documents/UCB/cs284/p2-meshedit-sp20-zhezhaosp19/CGL/deps/glfw/src/cocoa_monitor.m */; };
		6E7141E2D0B84B558DEAEF23 /* /Users/Emma/Documents/UCB/cs284/p2-meshedit-sp20-zhezhaosp19/CGL/deps/glfw/src/iokit_joystick.m */ = {isa = PBXBuildFile; fileRef = 1F831152B5444B8B8EFD2DF0 /* /Users/Emma/Documents/UCB/cs284/p2-meshedit-sp20-zhezhaosp19/CGL/deps/glfw/src/iokit_joystick.m */; };
		7230CF3B01CC4327A066C6FB /* /Users/Emma/Documents/UCB/cs284/p2-meshedit-sp20-zhezhaosp19/CGL/deps/glfw/src/iokit_joystick.h */ = {isa = PBXBuildFile; fileRef = 7F79B6C3EA814921B934C437 /* /Users/Emma/Documents/UCB/cs284/p2-meshedit-sp20-zhezhaosp19/CGL/deps/glfw/src/iokit_joystick.h */; };
		7FB2CA663C1A4BD5B44E6804 /* /Users/Emma/Documents/UCB/cs284/p2-meshedit-sp20-zhezhaosp19/CGL/deps/glew/src/glew.c */ = {isa = PBXBuildFile; fileRef = 370A7E620D104E4B9E74205C /* /Users/Emma/Documents/UCB/cs284/p2-meshedit-sp20-zhezhaosp19/CGL/deps/glew/src/glew.c */; };
		884544FB56914D0DBBFAE1A4 /* /Users/Emma/Documents/UCB/cs284/p2-meshedit-sp20-zhezhaosp19/CGL/src/color.cpp */ = {isa = PBXBuildFile; fileRef = 67A3BB80EFB6462195E35710 /* /Users/Emma/Documents/UCB/cs284/p2-meshedit-sp20-zhezhaosp19/CGL/src/color.cpp */; };
		938CA27DC82C4EE4BE92799B /* /Users/Emma/Documents/UCB/cs284/p2-meshedit-sp20-zhezhaosp19/CGL/src/CMakeLists.txt */ = {isa = PBXBuildFile; fileRef = C366B4DC85444C2E86BFD14D /* /Users/Emma/Documents/UCB/cs284/p2-meshedit-sp20-zhezhaosp19/CGL/src/CMakeLists.txt */; };
		97C4CEB29B224B0881053AE3 /* /Users/Emma/Documents/UCB/cs284/p2-meshedit-sp20-zhezhaosp19/CGL/src/vector3D.cpp */ = {isa = PBXBuildFile; fileRef = BA7E4A7075744A409A9076DA /* /Users/Emma/Documents/UCB/cs284/p2-meshedit-sp20-zhezhaosp19/CGL/src/vector3D.cpp */; };
		97D30CFDCFFD406CA2AFE3B7 /* /Users/Emma/Documents/UCB/cs284/p2-meshedit-sp20-zhezhaosp19/CGL/src/CGL.h */ = {isa = PBXBuildFile; fileRef = EEA6F1FD362B49EBA3BF7E27 /* /Users/Emma/Documents/UCB/cs284/p2-meshedit-sp20-zhezhaosp19/CGL/src/CGL.h */; };
		97F2119EEEB547BAB7AB7117 /* /Users/Emma/Documents/UCB/cs284/p2-meshedit-sp20-zhezhaosp19/CGL/src/complex.cpp */ = {isa = PBXBuildFile; fileRef = 321DC714827F45D19153DE8F /* /Users/Emma/Documents/UCB/cs284/p2-meshedit-sp20-zhezhaosp19/CGL/src/complex.cpp */; };
		9BCB21319E5B4D11A0DFF5BE /* /Users/Emma/Documents/UCB/cs284/p2-meshedit-sp20-zhezhaosp19/CGL/deps/glfw/src/input.c */ = {isa = PBXBuildFile; fileRef = D3FAF0E09F904F8CB83EBB6B /* /Users/Emma/Documents/UCB/cs284/p2-meshedit-sp20-zhezhaosp19/CGL/deps/glfw/src/input.c */; };
		9D679B9FEC0A4D6CBDB37B2B /* /Users/Emma/Documents/UCB/cs284/p2-meshedit-sp20-zhezhaosp19/CGL/deps/glfw/include/GLFW/glfw3.h */ = {isa = PBXBuildFile; fileRef = DB56B649C0FD4745A11BB052 /* /Users/Emma/Documents/UCB/cs284/p2-meshedit-sp20-zhezhaosp19/CGL/deps/glfw/include/GLFW/glfw3.h */; };
		A0052E750C98485283D86BA6 /* /Users/Emma/Documents/UCB/cs284/p2-meshedit-sp20-zhezhaosp19/CGL/src/viewer.cpp */ = {isa = PBXBuildFile; fileRef = 39409CC3627A4EDBBF196026 /* /Users/Emma/Documents/UCB/cs284/p2-meshedit-sp20-zhezhaosp19/CGL/src/viewer.cpp */; };
		A882826CE8E44C0C9983EB9B /* /Users/Emma/Documents/UCB/cs284/p2-meshedit-sp20-zhezhaosp19/CGL/src/quaternion.h */ = {isa = PBXBuildFile; fileRef = 066EA3951AAF40BA83E6C759 /* /Users/Emma/Documents/UCB/cs284/p2-meshedit-sp20-zhezhaosp19/CGL/src/quaternion.h */; };
		AD934EF1AD88420886894175 /* /Users/Emma/Documents/UCB/cs284/p2-meshedit-sp20-zhezhaosp19/CGL/src/viewer.h */ = {isa = PBXBuildFile; fileRef = B7DC6D089D0F44D0A4208657 /* /Users/Emma/Documents/UCB/cs284/p2-meshedit-sp20-zhezhaosp19/CGL/src/viewer.h */; };
		B4F9963E6AA745AC8BBE482F /* /Users/Emma/Documents/UCB/cs284/p2-meshedit-sp20-zhezhaosp19/CGL/deps/glfw/src/window.c */ = {isa = PBXBuildFile; fileRef = 5FB6A254EBE44749BF5DE1C3 /* /Users/Emma/Documents/UCB/cs284/p2-meshedit-sp20-zhezhaosp19/CGL/deps/glfw/src/window.c */; };
		B6566EDAEF4C40F585702331 /* /Users/Emma/Documents/UCB/cs284/p2-meshedit-sp20-zhezhaosp19/CGL/src/vector4D.cpp */ = {isa = PBXBuildFile; fileRef = 3C3449EA85F74AA49C64530E /* /Users/Emma/Documents/UCB/cs284/p2-meshedit-sp20-zhezhaosp19/CGL/src/vector4D.cpp */; };
		BA380A10BFD34747B5A897A1 /* /Users/Emma/Documents/UCB/cs284/p2-meshedit-sp20-zhezhaosp19/CGL/deps/glew/src/visualinfo.c */ = {isa = PBXBuildFile; fileRef = E2544EAB26EC4C0482A6C9B7 /* /Users/Emma/Documents/UCB/cs284/p2-meshedit-sp20-zhezhaosp19/CGL/deps/glew/src/visualinfo.c */; };
		C1AA4FB470044173B611A74E /* /Users/Emma/Documents/UCB/cs284/p2-meshedit-sp20-zhezhaosp19/CGL/deps/glfw/src/nsgl_context.h */ = {isa = PBXBuildFile; fileRef = 7F28AD013DC14DC491C7A6F2 /* /Users/Emma/Documents/UCB/cs284/p2-meshedit-sp20-zhezhaosp19/CGL/deps/glfw/src/nsgl_context.h */; };
		C9F76476BA2142CABA997F1C /* /Users/Emma/Documents/UCB/cs284/p2-meshedit-sp20-zhezhaosp19/CGL/deps/glfw/src/cocoa_window.m */ = {isa = PBXBuildFile; fileRef = 77509C58BE7B4DD7B5C6089D /* /Users/Emma/Documents/UCB/cs284/p2-meshedit-sp20-zhezhaosp19/CGL/deps/glfw/src/cocoa_window.m */; };
		CE39BA0EAA0649F4AC1EFB9F /* /Users/Emma/Documents/UCB/cs284/p2-meshedit-sp20-zhezhaosp19/CGL/src/renderer.h */ = {isa = PBXBuildFile; fileRef = B0C17A2453F745958E3E7EF4 /* /Users/Emma/Documents/UCB/cs284/p2-meshedit-sp20-zhezhaosp19/CGL/src/renderer.h */; };
		DDFE4BB2EA2642FA89C3F199 /* /Users/Emma/Documents/UCB/cs284/p2-meshedit-sp20-zhezhaosp19/CGL/deps/glfw/src/cocoa_init.m */ = {isa = PBXBuildFile; fileRef = 03ABEADBCB864979925719D5 /* /Users/Emma/Documents/UCB/cs284/p2-meshedit-sp20-zhezhaosp19/CGL/deps/glfw/src/cocoa_init.m */; };
		DFEC48ECACFB4AB6A54A5DC6 /* /Users/Emma/Documents/UCB/cs284/p2-meshedit-sp20-zhezhaosp19/CGL/deps/glfw/include/GLFW/glfw3native.h */ = {isa = PBXBuildFile; fileRef = 682330C4692041AE8CBE101D /* /Users/Emma/Documents/UCB/cs284/p2-meshedit-sp20-zhezhaosp19/CGL/deps/glfw/include/GLFW/glfw3native.h */; };
		E8C30ECF4D404B9FACC50194 /* /Users/Emma/Documents/UCB/cs284/p2-meshedit-sp20-zhezhaosp19/CGL/deps/glfw/src/nsgl_context.m */ = {isa = PBXBuildFile; fileRef = 4A95BFC4D5264155AE2A0219 /* /Users/Emma/Documents/UCB/cs284/p2-meshedit-sp20-zhezhaosp19/CGL/deps/glfw/src/nsgl_context.m */; };
		EFB8CDABF4CF43CDA4DB90FF /* /Users/Emma/Documents/UCB/cs284/p2-meshedit-sp20-zhezhaosp19/CGL/src/matrix4x4.h */ = {isa = PBXBuildFile; fileRef = A26063910FE54A1EA0215CF2 /* /Users/Emma/Documents/UCB/cs284/p2-meshedit-sp20-zhezhaosp19/CGL/src/matrix4x4.h */; };
		F0A781325CC6418B8BF2759D /* /Users/Emma/Documents/UCB/cs284/p2-meshedit-sp20-zhezhaosp19/CGL/src/color.h */ = {isa = PBXBuildFile; fileRef = FE292C2658C04FBB95BDF054 /* /Users/Emma/Documents/UCB/cs284/p2-meshedit-sp20-zhezhaosp19/CGL/src/color.h */; };
		F3E9B9E950DD45B98A57AF26 /* /Users/Emma/Documents/UCB/cs284/p2-meshedit-sp20-zhezhaosp19/CGL/src/osdfont.cpp */ = {isa = PBXBuildFile; fileRef = F6AE2D2720E2447F90DB17D3 /* /Users/Emma/Documents/UCB/cs284/p2-meshedit-sp20-zhezhaosp19/CGL/src/osdfont.cpp */; };
		F42EB441C99F491AAEC3A34D /* /Users/Emma/Documents/UCB/cs284/p2-meshedit-sp20-zhezhaosp19/CGL/deps/glfw/src/CMakeLists.txt */ = {isa = PBXBuildFile; fileRef = 4F7B47A6293A4DDDA935C025 /* /Users/Emma/Documents/UCB/cs284/p2-meshedit-sp20-zhezhaosp19/CGL/deps/glfw/src/CMakeLists.txt */; };
		FA1A6BB0CDE24A11A6E2BF69 /* /Users/Emma/Documents/UCB/cs284/p2-meshedit-sp20-zhezhaosp19/CGL/src/tinyxml2.h */ = {isa = PBXBuildFile; fileRef = 34C7DAB3AD9D4327B130A9CC /* /Users/Emma/Documents/UCB/cs284/p2-meshedit-sp20-zhezhaosp19/CGL/src/tinyxml2.h */; };
		FC1D7FA59C2142F79CE00672 /* /Users/Emma/Documents/UCB/cs284/p2-meshedit-sp20-zhezhaosp19/CGL/src/matrix3x3.cpp */ = {isa = PBXBuildFile; fileRef = 71265235C1474CBDAC70113E /* /Users/Emma/Documents/UCB/cs284/p2-meshedit-sp20-zhezhaosp19/CGL/src/matrix3x3.cpp */; };
/* End PBXBuildFile section */

/* Begin PBXBuildStyle section */
		3819E4F7EB1748C8BEBA91AB /* MinSizeRel */ = {
			isa = PBXBuildStyle;
			buildSettings = {
				COPY_PHASE_STRIP = NO;
			};
			name = MinSizeRel;
		};
		7937A78B117D439BADB39DC3 /* RelWithDebInfo */ = {
			isa = PBXBuildStyle;
			buildSettings = {
				COPY_PHASE_STRIP = NO;
			};
			name = RelWithDebInfo;
		};
		CD5703ED71044E198B40CDAF /* Release */ = {
			isa = PBXBuildStyle;
			buildSettings = {
				COPY_PHASE_STRIP = NO;
			};
			name = Release;
		};
		DBCC3BE32C9C4C84981A027E /* Debug */ = {
			isa = PBXBuildStyle;
			buildSettings = {
				COPY_PHASE_STRIP = NO;
			};
			name = Debug;
		};
/* End PBXBuildStyle section */

/* Begin PBXContainerItemProxy section */
		70AE64484CF649448C4B4EA6 /* PBXContainerItemProxy */ = {
			isa = PBXContainerItemProxy;
			containerPortal = 3570B3E5B3A342288138462F /* Project object */;
			proxyType = 1;
			remoteGlobalIDString = 22A44223C54C43C4B9E63F04;
			remoteInfo = glfw;
		};
		A12BE45FE1C040268B044654 /* PBXContainerItemProxy */ = {
			isa = PBXContainerItemProxy;
			containerPortal = 3570B3E5B3A342288138462F /* Project object */;
			proxyType = 1;
			remoteGlobalIDString = ED65811D153E4831AC7118CD;
			remoteInfo = ALL_BUILD;
		};
		BAACD2C265554DBEAAE13BEF /* PBXContainerItemProxy */ = {
			isa = PBXContainerItemProxy;
			containerPortal = 3570B3E5B3A342288138462F /* Project object */;
			proxyType = 1;
			remoteGlobalIDString = E50057DC0D744ECE83103966;
			remoteInfo = CGL;
		};
		CA61A5B8682A426FBB84B5F5 /* PBXContainerItemProxy */ = {
			isa = PBXContainerItemProxy;
			containerPortal = 3570B3E5B3A342288138462F /* Project object */;
			proxyType = 1;
			remoteGlobalIDString = 6BF66E6959D44E05852DBA9D;
			remoteInfo = ZERO_CHECK;
		};
		CEF69A3A1C3E4AF79E03B3C1 /* PBXContainerItemProxy */ = {
			isa = PBXContainerItemProxy;
			containerPortal = 3570B3E5B3A342288138462F /* Project object */;
			proxyType = 1;
			remoteGlobalIDString = C1A468E661174DD194706D05;
			remoteInfo = glew;
		};
		F36C465A064949CE8FDC6B0F /* PBXContainerItemProxy */ = {
			isa = PBXContainerItemProxy;
			containerPortal = 3570B3E5B3A342288138462F /* Project object */;
			proxyType = 1;
			remoteGlobalIDString = C1A468E661174DD194706D05;
			remoteInfo = glew;
		};
/* End PBXContainerItemProxy section */

/* Begin PBXFileReference section */
		0007319AB3E440E489AA29AB /* /Users/Emma/Documents/UCB/cs284/p2-meshedit-sp20-zhezhaosp19/CGL/deps/glfw/src/internal.h */ = {isa = PBXFileReference; explicitFileType = sourcecode.c.h; fileEncoding = 4; name = internal.h; path = deps/glfw/src/internal.h; sourceTree = SOURCE_ROOT; };
		01898D6B31154AC99FCEB661 /* /Users/Emma/Documents/UCB/cs284/p2-meshedit-sp20-zhezhaosp19/CGL/deps/glfw/src/posix_tls.c */ = {isa = PBXFileReference; explicitFileType = sourcecode.c.c; fileEncoding = 4; name = posix_tls.c; path = deps/glfw/src/posix_tls.c; sourceTree = SOURCE_ROOT; };
		03ABEADBCB864979925719D5 /* /Users/Emma/Documents/UCB/cs284/p2-meshedit-sp20-zhezhaosp19/CGL/deps/glfw/src/cocoa_init.m */ = {isa = PBXFileReference; explicitFileType = sourcecode.c.objc; fileEncoding = 4; name = cocoa_init.m; path = deps/glfw/src/cocoa_init.m; sourceTree = SOURCE_ROOT; };
		066EA3951AAF40BA83E6C759 /* /Users/Emma/Documents/UCB/cs284/p2-meshedit-sp20-zhezhaosp19/CGL/src/quaternion.h */ = {isa = PBXFileReference; explicitFileType = sourcecode.c.h; fileEncoding = 4; name = quaternion.h; path = src/quaternion.h; sourceTree = SOURCE_ROOT; };
		1F831152B5444B8B8EFD2DF0 /* /Users/Emma/Documents/UCB/cs284/p2-meshedit-sp20-zhezhaosp19/CGL/deps/glfw/src/iokit_joystick.m */ = {isa = PBXFileReference; explicitFileType = sourcecode.c.objc; fileEncoding = 4; name = iokit_joystick.m; path = deps/glfw/src/iokit_joystick.m; sourceTree = SOURCE_ROOT; };
		21DC6FC71F3E4E3C9A6AE71B /* /Users/Emma/Documents/UCB/cs284/p2-meshedit-sp20-zhezhaosp19/CGL/src/base64.h */ = {isa = PBXFileReference; explicitFileType = sourcecode.c.h; fileEncoding = 4; name = base64.h; path = src/base64.h; sourceTree = SOURCE_ROOT; };
		24956709339D4F5C9CB7E6CE /* CGL */ = {isa = PBXFileReference; explicitFileType = archive.ar; path = libCGL.a; sourceTree = BUILT_PRODUCTS_DIR; };
		25EF947BC44F49D589D3090E /* glfw */ = {isa = PBXFileReference; explicitFileType = archive.ar; path = libglfw3.a; sourceTree = BUILT_PRODUCTS_DIR; };
		28DF2B9261B04EA3BFB1B519 /* /Users/Emma/Documents/UCB/cs284/p2-meshedit-sp20-zhezhaosp19/CGL/src/vector3D.h */ = {isa = PBXFileReference; explicitFileType = sourcecode.c.h; fileEncoding = 4; name = vector3D.h; path = src/vector3D.h; sourceTree = SOURCE_ROOT; };
		321DC714827F45D19153DE8F /* /Users/Emma/Documents/UCB/cs284/p2-meshedit-sp20-zhezhaosp19/CGL/src/complex.cpp */ = {isa = PBXFileReference; explicitFileType = sourcecode.cpp.cpp; fileEncoding = 4; name = complex.cpp; path = src/complex.cpp; sourceTree = SOURCE_ROOT; };
		34C7DAB3AD9D4327B130A9CC /* /Users/Emma/Documents/UCB/cs284/p2-meshedit-sp20-zhezhaosp19/CGL/src/tinyxml2.h */ = {isa = PBXFileReference; explicitFileType = sourcecode.c.h; fileEncoding = 4; name = tinyxml2.h; path = src/tinyxml2.h; sourceTree = SOURCE_ROOT; };
		370A7E620D104E4B9E74205C /* /Users/Emma/Documents/UCB/cs284/p2-meshedit-sp20-zhezhaosp19/CGL/deps/glew/src/glew.c */ = {isa = PBXFileReference; explicitFileType = sourcecode.c.c; fileEncoding = 4; name = glew.c; path = deps/glew/src/glew.c; sourceTree = SOURCE_ROOT; };
		39409CC3627A4EDBBF196026 /* /Users/Emma/Documents/UCB/cs284/p2-meshedit-sp20-zhezhaosp19/CGL/src/viewer.cpp */ = {isa = PBXFileReference; explicitFileType = sourcecode.cpp.cpp; fileEncoding = 4; name = viewer.cpp; path = src/viewer.cpp; sourceTree = SOURCE_ROOT; };
		3C3449EA85F74AA49C64530E /* /Users/Emma/Documents/UCB/cs284/p2-meshedit-sp20-zhezhaosp19/CGL/src/vector4D.cpp */ = {isa = PBXFileReference; explicitFileType = sourcecode.cpp.cpp; fileEncoding = 4; name = vector4D.cpp; path = src/vector4D.cpp; sourceTree = SOURCE_ROOT; };
		3F0307DC3F574374A21051D1 /* /Users/Emma/Documents/UCB/cs284/p2-meshedit-sp20-zhezhaosp19/CGL/src/vector4D.h */ = {isa = PBXFileReference; explicitFileType = sourcecode.c.h; fileEncoding = 4; name = vector4D.h; path = src/vector4D.h; sourceTree = SOURCE_ROOT; };
		426C0DDC1AA247F6894A8372 /* /Users/Emma/Documents/UCB/cs284/p2-meshedit-sp20-zhezhaosp19/CGL/src/complex.h */ = {isa = PBXFileReference; explicitFileType = sourcecode.c.h; fileEncoding = 4; name = complex.h; path = src/complex.h; sourceTree = SOURCE_ROOT; };
		4A95BFC4D5264155AE2A0219 /* /Users/Emma/Documents/UCB/cs284/p2-meshedit-sp20-zhezhaosp19/CGL/deps/glfw/src/nsgl_context.m */ = {isa = PBXFileReference; explicitFileType = sourcecode.c.objc; fileEncoding = 4; name = nsgl_context.m; path = deps/glfw/src/nsgl_context.m; sourceTree = SOURCE_ROOT; };
		4F7B47A6293A4DDDA935C025 /* /Users/Emma/Documents/UCB/cs284/p2-meshedit-sp20-zhezhaosp19/CGL/deps/glfw/src/CMakeLists.txt */ = {isa = PBXFileReference; explicitFileType = sourcecode.text; fileEncoding = 4; name = CMakeLists.txt; path = deps/glfw/src/CMakeLists.txt; sourceTree = SOURCE_ROOT; };
		4F8D2DF821FA476A89DB6661 /* /Users/Emma/Documents/UCB/cs284/p2-meshedit-sp20-zhezhaosp19/CGL/CMakeLists.txt */ = {isa = PBXFileReference; explicitFileType = sourcecode.text; fileEncoding = 4; name = CMakeLists.txt; path = CMakeLists.txt; sourceTree = SOURCE_ROOT; };
		58942E25C0964E5B97AAC237 /* /Users/Emma/Documents/UCB/cs284/p2-meshedit-sp20-zhezhaosp19/CGL/src/matrix3x3.h */ = {isa = PBXFileReference; explicitFileType = sourcecode.c.h; fileEncoding = 4; name = matrix3x3.h; path = src/matrix3x3.h; sourceTree = SOURCE_ROOT; };
		5D0BA24C41E644B68AFD5C5C /* /Users/Emma/Documents/UCB/cs284/p2-meshedit-sp20-zhezhaosp19/CGL/src/tinyxml2.cpp */ = {isa = PBXFileReference; explicitFileType = sourcecode.cpp.cpp; fileEncoding = 4; name = tinyxml2.cpp; path = src/tinyxml2.cpp; sourceTree = SOURCE_ROOT; };
		5FB6A254EBE44749BF5DE1C3 /* /Users/Emma/Documents/UCB/cs284/p2-meshedit-sp20-zhezhaosp19/CGL/deps/glfw/src/window.c */ = {isa = PBXFileReference; explicitFileType = sourcecode.c.c; fileEncoding = 4; name = window.c; path = deps/glfw/src/window.c; sourceTree = SOURCE_ROOT; };
		67A3BB80EFB6462195E35710 /* /Users/Emma/Documents/UCB/cs284/p2-meshedit-sp20-zhezhaosp19/CGL/src/color.cpp */ = {isa = PBXFileReference; explicitFileType = sourcecode.cpp.cpp; fileEncoding = 4; name = color.cpp; path = src/color.cpp; sourceTree = SOURCE_ROOT; };
		682330C4692041AE8CBE101D /* /Users/Emma/Documents/UCB/cs284/p2-meshedit-sp20-zhezhaosp19/CGL/deps/glfw/include/GLFW/glfw3native.h */ = {isa = PBXFileReference; explicitFileType = sourcecode.c.h; fileEncoding = 4; name = glfw3native.h; path = deps/glfw/include/GLFW/glfw3native.h; sourceTree = SOURCE_ROOT; };
		6A009F44B5AB451799489217 /* /Users/Emma/Documents/UCB/cs284/p2-meshedit-sp20-zhezhaosp19/CGL/src/osdtext.h */ = {isa = PBXFileReference; explicitFileType = sourcecode.c.h; fileEncoding = 4; name = osdtext.h; path = src/osdtext.h; sourceTree = SOURCE_ROOT; };
		6DB6E495FE57403E97124A09 /* /Users/Emma/Documents/UCB/cs284/p2-meshedit-sp20-zhezhaosp19/CGL/deps/glfw/src/context.c */ = {isa = PBXFileReference; explicitFileType = sourcecode.c.c; fileEncoding = 4; name = context.c; path = deps/glfw/src/context.c; sourceTree = SOURCE_ROOT; };
		6ED3195B55B94EB7BD36F51F /* /Users/Emma/Documents/UCB/cs284/p2-meshedit-sp20-zhezhaosp19/CGL/src/base64.cpp */ = {isa = PBXFileReference; explicitFileType = sourcecode.cpp.cpp; fileEncoding = 4; name = base64.cpp; path = src/base64.cpp; sourceTree = SOURCE_ROOT; };
		71265235C1474CBDAC70113E /* /Users/Emma/Documents/UCB/cs284/p2-meshedit-sp20-zhezhaosp19/CGL/src/matrix3x3.cpp */ = {isa = PBXFileReference; explicitFileType = sourcecode.cpp.cpp; fileEncoding = 4; name = matrix3x3.cpp; path = src/matrix3x3.cpp; sourceTree = SOURCE_ROOT; };
		77509C58BE7B4DD7B5C6089D /* /Users/Emma/Documents/UCB/cs284/p2-meshedit-sp20-zhezhaosp19/CGL/deps/glfw/src/cocoa_window.m */ = {isa = PBXFileReference; explicitFileType = sourcecode.c.objc; fileEncoding = 4; name = cocoa_window.m; path = deps/glfw/src/cocoa_window.m; sourceTree = SOURCE_ROOT; };
		794B7BCB5D474F97AB903898 /* /Users/Emma/Documents/UCB/cs284/p2-meshedit-sp20-zhezhaosp19/CGL/src/osdtext.cpp */ = {isa = PBXFileReference; explicitFileType = sourcecode.cpp.cpp; fileEncoding = 4; name = osdtext.cpp; path = src/osdtext.cpp; sourceTree = SOURCE_ROOT; };
		7F28AD013DC14DC491C7A6F2 /* /Users/Emma/Documents/UCB/cs284/p2-meshedit-sp20-zhezhaosp19/CGL/deps/glfw/src/nsgl_context.h */ = {isa = PBXFileReference; explicitFileType = sourcecode.c.h; fileEncoding = 4; name = nsgl_context.h; path = deps/glfw/src/nsgl_context.h; sourceTree = SOURCE_ROOT; };
		7F79B6C3EA814921B934C437 /* /Users/Emma/Documents/UCB/cs284/p2-meshedit-sp20-zhezhaosp19/CGL/deps/glfw/src/iokit_joystick.h */ = {isa = PBXFileReference; explicitFileType = sourcecode.c.h; fileEncoding = 4; name = iokit_joystick.h; path = deps/glfw/src/iokit_joystick.h; sourceTree = SOURCE_ROOT; };
		82F0510C309E4A9AAABACA90 /* /Users/Emma/Documents/UCB/cs284/p2-meshedit-sp20-zhezhaosp19/CGL/src/quaternion.cpp */ = {isa = PBXFileReference; explicitFileType = sourcecode.cpp.cpp; fileEncoding = 4; name = quaternion.cpp; path = src/quaternion.cpp; sourceTree = SOURCE_ROOT; };
		8EF3A0970FDE4676956826ED /* /Users/Emma/Documents/UCB/cs284/p2-meshedit-sp20-zhezhaosp19/CGL/deps/glfw/src/cocoa_monitor.m */ = {isa = PBXFileReference; explicitFileType = sourcecode.c.objc; fileEncoding = 4; name = cocoa_monitor.m; path = deps/glfw/src/cocoa_monitor.m; sourceTree = SOURCE_ROOT; };
		90926F22F948420FA7D04E90 /* /Users/Emma/Documents/UCB/cs284/p2-meshedit-sp20-zhezhaosp19/CGL/src/vector2D.h */ = {isa = PBXFileReference; explicitFileType = sourcecode.c.h; fileEncoding = 4; name = vector2D.h; path = src/vector2D.h; sourceTree = SOURCE_ROOT; };
		99F2D4F53EA24B3385D31C29 /* /Users/Emma/Documents/UCB/cs284/p2-meshedit-sp20-zhezhaosp19/CGL/deps/glfw/CMakeLists.txt */ = {isa = PBXFileReference; explicitFileType = sourcecode.text; fileEncoding = 4; name = CMakeLists.txt; path = deps/glfw/CMakeLists.txt; sourceTree = SOURCE_ROOT; };
		9BD7282654B54AD8884CFFDD /* /Users/Emma/Documents/UCB/cs284/p2-meshedit-sp20-zhezhaosp19/CGL/deps/glew/CMakeLists.txt */ = {isa = PBXFileReference; explicitFileType = sourcecode.text; fileEncoding = 4; name = CMakeLists.txt; path = deps/glew/CMakeLists.txt; sourceTree = SOURCE_ROOT; };
		9BE21BE531AB4F249366F6FC /* glew */ = {isa = PBXFileReference; explicitFileType = archive.ar; path = libglew.a; sourceTree = BUILT_PRODUCTS_DIR; };
		A26063910FE54A1EA0215CF2 /* /Users/Emma/Documents/UCB/cs284/p2-meshedit-sp20-zhezhaosp19/CGL/src/matrix4x4.h */ = {isa = PBXFileReference; explicitFileType = sourcecode.c.h; fileEncoding = 4; name = matrix4x4.h; path = src/matrix4x4.h; sourceTree = SOURCE_ROOT; };
		ADA74BBF29E649D29BC8C112 /* /Users/Emma/Documents/UCB/cs284/p2-meshedit-sp20-zhezhaosp19/CGL/deps/glfw/src/posix_tls.h */ = {isa = PBXFileReference; explicitFileType = sourcecode.c.h; fileEncoding = 4; name = posix_tls.h; path = deps/glfw/src/posix_tls.h; sourceTree = SOURCE_ROOT; };
		B0C17A2453F745958E3E7EF4 /* /Users/Emma/Documents/UCB/cs284/p2-meshedit-sp20-zhezhaosp19/CGL/src/renderer.h */ = {isa = PBXFileReference; explicitFileType = sourcecode.c.h; fileEncoding = 4; name = renderer.h; path = src/renderer.h; sourceTree = SOURCE_ROOT; };
		B7DC6D089D0F44D0A4208657 /* /Users/Emma/Documents/UCB/cs284/p2-meshedit-sp20-zhezhaosp19/CGL/src/viewer.h */ = {isa = PBXFileReference; explicitFileType = sourcecode.c.h; fileEncoding = 4; name = viewer.h; path = src/viewer.h; sourceTree = SOURCE_ROOT; };
		BA7E4A7075744A409A9076DA /* /Users/Emma/Documents/UCB/cs284/p2-meshedit-sp20-zhezhaosp19/CGL/src/vector3D.cpp */ = {isa = PBXFileReference; explicitFileType = sourcecode.cpp.cpp; fileEncoding = 4; name = vector3D.cpp; path = src/vector3D.cpp; sourceTree = SOURCE_ROOT; };
		BD10FE7C51904068B7191085 /* /Users/Emma/Documents/UCB/cs284/p2-meshedit-sp20-zhezhaosp19/CGL/src/vector2D.cpp */ = {isa = PBXFileReference; explicitFileType = sourcecode.cpp.cpp; fileEncoding = 4; name = vector2D.cpp; path = src/vector2D.cpp; sourceTree = SOURCE_ROOT; };
		BDF7684109904AFDB9B4CEA3 /* /Users/Emma/Documents/UCB/cs284/p2-meshedit-sp20-zhezhaosp19/CGL/src/matrix4x4.cpp */ = {isa = PBXFileReference; explicitFileType = sourcecode.cpp.cpp; fileEncoding = 4; name = matrix4x4.cpp; path = src/matrix4x4.cpp; sourceTree = SOURCE_ROOT; };
		BE1BB3121A834431BF2C9BC1 /* /Users/Emma/Documents/UCB/cs284/p2-meshedit-sp20-zhezhaosp19/xcode/CGL/deps/glfw/src/glfw_config.h */ = {isa = PBXFileReference; explicitFileType = sourcecode.c.h; fileEncoding = 4; name = glfw_config.h; path = ../xcode/CGL/deps/glfw/src/glfw_config.h; sourceTree = SOURCE_ROOT; };
		C366B4DC85444C2E86BFD14D /* /Users/Emma/Documents/UCB/cs284/p2-meshedit-sp20-zhezhaosp19/CGL/src/CMakeLists.txt */ = {isa = PBXFileReference; explicitFileType = sourcecode.text; fileEncoding = 4; name = CMakeLists.txt; path = src/CMakeLists.txt; sourceTree = SOURCE_ROOT; };
		C578E59EC5A74308A7C21243 /* /Users/Emma/Documents/UCB/cs284/p2-meshedit-sp20-zhezhaosp19/CGL/deps/glfw/src/monitor.c */ = {isa = PBXFileReference; explicitFileType = sourcecode.c.c; fileEncoding = 4; name = monitor.c; path = deps/glfw/src/monitor.c; sourceTree = SOURCE_ROOT; };
		D189F0117D9048EAB7A8AA7D /* /Users/Emma/Documents/UCB/cs284/p2-meshedit-sp20-zhezhaosp19/CGL/deps/glfw/src/init.c */ = {isa = PBXFileReference; explicitFileType = sourcecode.c.c; fileEncoding = 4; name = init.c; path = deps/glfw/src/init.c; sourceTree = SOURCE_ROOT; };
		D3FAF0E09F904F8CB83EBB6B /* /Users/Emma/Documents/UCB/cs284/p2-meshedit-sp20-zhezhaosp19/CGL/deps/glfw/src/input.c */ = {isa = PBXFileReference; explicitFileType = sourcecode.c.c; fileEncoding = 4; name = input.c; path = deps/glfw/src/input.c; sourceTree = SOURCE_ROOT; };
		D4A05F6E045947AFBB5FD4DE /* /Users/Emma/Documents/UCB/cs284/p2-meshedit-sp20-zhezhaosp19/CGL/deps/glfw/src/cocoa_platform.h */ = {isa = PBXFileReference; explicitFileType = sourcecode.c.h; fileEncoding = 4; name = cocoa_platform.h; path = deps/glfw/src/cocoa_platform.h; sourceTree = SOURCE_ROOT; };
		D80A9262B8E7486F81307BC6 /* /Users/Emma/Documents/UCB/cs284/p2-meshedit-sp20-zhezhaosp19/CGL/deps/glew/src/glewinfo.c */ = {isa = PBXFileReference; explicitFileType = sourcecode.c.c; fileEncoding = 4; name = glewinfo.c; path = deps/glew/src/glewinfo.c; sourceTree = SOURCE_ROOT; };
		DB56B649C0FD4745A11BB052 /* /Users/Emma/Documents/UCB/cs284/p2-meshedit-sp20-zhezhaosp19/CGL/deps/glfw/include/GLFW/glfw3.h */ = {isa = PBXFileReference; explicitFileType = sourcecode.c.h; fileEncoding = 4; name = glfw3.h; path = deps/glfw/include/GLFW/glfw3.h; sourceTree = SOURCE_ROOT; };
		E2544EAB26EC4C0482A6C9B7 /* /Users/Emma/Documents/UCB/cs284/p2-meshedit-sp20-zhezhaosp19/CGL/deps/glew/src/visualinfo.c */ = {isa = PBXFileReference; explicitFileType = sourcecode.c.c; fileEncoding = 4; name = visualinfo.c; path = deps/glew/src/visualinfo.c; sourceTree = SOURCE_ROOT; };
		EEA6F1FD362B49EBA3BF7E27 /* /Users/Emma/Documents/UCB/cs284/p2-meshedit-sp20-zhezhaosp19/CGL/src/CGL.h */ = {isa = PBXFileReference; explicitFileType = sourcecode.c.h; fileEncoding = 4; name = CGL.h; path = src/CGL.h; sourceTree = SOURCE_ROOT; };
		F6AE2D2720E2447F90DB17D3 /* /Users/Emma/Documents/UCB/cs284/p2-meshedit-sp20-zhezhaosp19/CGL/src/osdfont.cpp */ = {isa = PBXFileReference; explicitFileType = sourcecode.cpp.cpp; fileEncoding = 4; name = osdfont.cpp; path = src/osdfont.cpp; sourceTree = SOURCE_ROOT; };
		F901626F1B0F426E927077DB /* /Users/Emma/Documents/UCB/cs284/p2-meshedit-sp20-zhezhaosp19/CGL/deps/glfw/src/mach_time.c */ = {isa = PBXFileReference; explicitFileType = sourcecode.c.c; fileEncoding = 4; name = mach_time.c; path = deps/glfw/src/mach_time.c; sourceTree = SOURCE_ROOT; };
		FE292C2658C04FBB95BDF054 /* /Users/Emma/Documents/UCB/cs284/p2-meshedit-sp20-zhezhaosp19/CGL/src/color.h */ = {isa = PBXFileReference; explicitFileType = sourcecode.c.h; fileEncoding = 4; name = color.h; path = src/color.h; sourceTree = SOURCE_ROOT; };
/* End PBXFileReference section */

/* Begin PBXGroup section */
		04DE98223DB8404F9818852D /* CMake Rules */ = {
			isa = PBXGroup;
			children = (
			);
			name = "CMake Rules";
			sourceTree = "<group>";
		};
		164C0D7923E24C9A80D450A0 /* Source Files */ = {
			isa = PBXGroup;
			children = (
				03ABEADBCB864979925719D5 /* /Users/Emma/Documents/UCB/cs284/p2-meshedit-sp20-zhezhaosp19/CGL/deps/glfw/src/cocoa_init.m */,
				8EF3A0970FDE4676956826ED /* /Users/Emma/Documents/UCB/cs284/p2-meshedit-sp20-zhezhaosp19/CGL/deps/glfw/src/cocoa_monitor.m */,
				77509C58BE7B4DD7B5C6089D /* /Users/Emma/Documents/UCB/cs284/p2-meshedit-sp20-zhezhaosp19/CGL/deps/glfw/src/cocoa_window.m */,
				6DB6E495FE57403E97124A09 /* /Users/Emma/Documents/UCB/cs284/p2-meshedit-sp20-zhezhaosp19/CGL/deps/glfw/src/context.c */,
				D189F0117D9048EAB7A8AA7D /* /Users/Emma/Documents/UCB/cs284/p2-meshedit-sp20-zhezhaosp19/CGL/deps/glfw/src/init.c */,
				D3FAF0E09F904F8CB83EBB6B /* /Users/Emma/Documents/UCB/cs284/p2-meshedit-sp20-zhezhaosp19/CGL/deps/glfw/src/input.c */,
				1F831152B5444B8B8EFD2DF0 /* /Users/Emma/Documents/UCB/cs284/p2-meshedit-sp20-zhezhaosp19/CGL/deps/glfw/src/iokit_joystick.m */,
				F901626F1B0F426E927077DB /* /Users/Emma/Documents/UCB/cs284/p2-meshedit-sp20-zhezhaosp19/CGL/deps/glfw/src/mach_time.c */,
				C578E59EC5A74308A7C21243 /* /Users/Emma/Documents/UCB/cs284/p2-meshedit-sp20-zhezhaosp19/CGL/deps/glfw/src/monitor.c */,
				4A95BFC4D5264155AE2A0219 /* /Users/Emma/Documents/UCB/cs284/p2-meshedit-sp20-zhezhaosp19/CGL/deps/glfw/src/nsgl_context.m */,
				01898D6B31154AC99FCEB661 /* /Users/Emma/Documents/UCB/cs284/p2-meshedit-sp20-zhezhaosp19/CGL/deps/glfw/src/posix_tls.c */,
				5FB6A254EBE44749BF5DE1C3 /* /Users/Emma/Documents/UCB/cs284/p2-meshedit-sp20-zhezhaosp19/CGL/deps/glfw/src/window.c */,
			);
			name = "Source Files";
			sourceTree = "<group>";
		};
		1E4E9724326C42C88369C6C0 /* GLFW3 */ = {
			isa = PBXGroup;
			children = (
				988635052FC247C198B01AFE /* glfw */,
			);
			name = GLFW3;
			sourceTree = "<group>";
		};
		2E4C6FD340164A69BA02856E /* Header Files */ = {
			isa = PBXGroup;
			children = (
				EEA6F1FD362B49EBA3BF7E27 /* /Users/Emma/Documents/UCB/cs284/p2-meshedit-sp20-zhezhaosp19/CGL/src/CGL.h */,
				21DC6FC71F3E4E3C9A6AE71B /* /Users/Emma/Documents/UCB/cs284/p2-meshedit-sp20-zhezhaosp19/CGL/src/base64.h */,
				FE292C2658C04FBB95BDF054 /* /Users/Emma/Documents/UCB/cs284/p2-meshedit-sp20-zhezhaosp19/CGL/src/color.h */,
				426C0DDC1AA247F6894A8372 /* /Users/Emma/Documents/UCB/cs284/p2-meshedit-sp20-zhezhaosp19/CGL/src/complex.h */,
				58942E25C0964E5B97AAC237 /* /Users/Emma/Documents/UCB/cs284/p2-meshedit-sp20-zhezhaosp19/CGL/src/matrix3x3.h */,
				A26063910FE54A1EA0215CF2 /* /Users/Emma/Documents/UCB/cs284/p2-meshedit-sp20-zhezhaosp19/CGL/src/matrix4x4.h */,
				6A009F44B5AB451799489217 /* /Users/Emma/Documents/UCB/cs284/p2-meshedit-sp20-zhezhaosp19/CGL/src/osdtext.h */,
				066EA3951AAF40BA83E6C759 /* /Users/Emma/Documents/UCB/cs284/p2-meshedit-sp20-zhezhaosp19/CGL/src/quaternion.h */,
				B0C17A2453F745958E3E7EF4 /* /Users/Emma/Documents/UCB/cs284/p2-meshedit-sp20-zhezhaosp19/CGL/src/renderer.h */,
				34C7DAB3AD9D4327B130A9CC /* /Users/Emma/Documents/UCB/cs284/p2-meshedit-sp20-zhezhaosp19/CGL/src/tinyxml2.h */,
				90926F22F948420FA7D04E90 /* /Users/Emma/Documents/UCB/cs284/p2-meshedit-sp20-zhezhaosp19/CGL/src/vector2D.h */,
				28DF2B9261B04EA3BFB1B519 /* /Users/Emma/Documents/UCB/cs284/p2-meshedit-sp20-zhezhaosp19/CGL/src/vector3D.h */,
				3F0307DC3F574374A21051D1 /* /Users/Emma/Documents/UCB/cs284/p2-meshedit-sp20-zhezhaosp19/CGL/src/vector4D.h */,
				B7DC6D089D0F44D0A4208657 /* /Users/Emma/Documents/UCB/cs284/p2-meshedit-sp20-zhezhaosp19/CGL/src/viewer.h */,
			);
			name = "Header Files";
			sourceTree = "<group>";
		};
		36B77A7C698A4A2592A35787 /* uninstall */ = {
			isa = PBXGroup;
			children = (
				04DE98223DB8404F9818852D /* CMake Rules */,
				99F2D4F53EA24B3385D31C29 /* /Users/Emma/Documents/UCB/cs284/p2-meshedit-sp20-zhezhaosp19/CGL/deps/glfw/CMakeLists.txt */,
			);
			name = uninstall;
			sourceTree = "<group>";
		};
		386BA042DDCD48949C1CE4EB /* ALL_BUILD */ = {
			isa = PBXGroup;
			children = (
				D4B65B0983624679AD069A4E /* CMake Rules */,
				4F8D2DF821FA476A89DB6661 /* /Users/Emma/Documents/UCB/cs284/p2-meshedit-sp20-zhezhaosp19/CGL/CMakeLists.txt */,
			);
			name = ALL_BUILD;
			sourceTree = "<group>";
		};
		40045F9A8ADC43A7AC30D97A /* CGL */ = {
			isa = PBXGroup;
			children = (
				AC64786685594D418D428237 /* Source Files */,
				2E4C6FD340164A69BA02856E /* Header Files */,
				C366B4DC85444C2E86BFD14D /* /Users/Emma/Documents/UCB/cs284/p2-meshedit-sp20-zhezhaosp19/CGL/src/CMakeLists.txt */,
			);
			name = CGL;
			sourceTree = "<group>";
		};
		7384AEA85D624FF8B75FE0C0 /* Source Files */ = {
			isa = PBXGroup;
			children = (
				370A7E620D104E4B9E74205C /* /Users/Emma/Documents/UCB/cs284/p2-meshedit-sp20-zhezhaosp19/CGL/deps/glew/src/glew.c */,
				D80A9262B8E7486F81307BC6 /* /Users/Emma/Documents/UCB/cs284/p2-meshedit-sp20-zhezhaosp19/CGL/deps/glew/src/glewinfo.c */,
				E2544EAB26EC4C0482A6C9B7 /* /Users/Emma/Documents/UCB/cs284/p2-meshedit-sp20-zhezhaosp19/CGL/deps/glew/src/visualinfo.c */,
			);
			name = "Source Files";
			sourceTree = "<group>";
		};
		75B3C0B42E664B0BA6DF9266 = {
			isa = PBXGroup;
			children = (
				386BA042DDCD48949C1CE4EB /* ALL_BUILD */,
				DA4BA5D1441842F292D4E1BE /* glew */,
				36B77A7C698A4A2592A35787 /* uninstall */,
				1E4E9724326C42C88369C6C0 /* GLFW3 */,
				40045F9A8ADC43A7AC30D97A /* CGL */,
				FC571262D16A445BB0FFD644 /* Products */,
			);
			sourceTree = "<group>";
		};
		988635052FC247C198B01AFE /* glfw */ = {
			isa = PBXGroup;
			children = (
				164C0D7923E24C9A80D450A0 /* Source Files */,
				AA307011584F40058F750312 /* Header Files */,
				4F7B47A6293A4DDDA935C025 /* /Users/Emma/Documents/UCB/cs284/p2-meshedit-sp20-zhezhaosp19/CGL/deps/glfw/src/CMakeLists.txt */,
			);
			name = glfw;
			sourceTree = "<group>";
		};
		AA307011584F40058F750312 /* Header Files */ = {
			isa = PBXGroup;
			children = (
				DB56B649C0FD4745A11BB052 /* /Users/Emma/Documents/UCB/cs284/p2-meshedit-sp20-zhezhaosp19/CGL/deps/glfw/include/GLFW/glfw3.h */,
				682330C4692041AE8CBE101D /* /Users/Emma/Documents/UCB/cs284/p2-meshedit-sp20-zhezhaosp19/CGL/deps/glfw/include/GLFW/glfw3native.h */,
				D4A05F6E045947AFBB5FD4DE /* /Users/Emma/Documents/UCB/cs284/p2-meshedit-sp20-zhezhaosp19/CGL/deps/glfw/src/cocoa_platform.h */,
				0007319AB3E440E489AA29AB /* /Users/Emma/Documents/UCB/cs284/p2-meshedit-sp20-zhezhaosp19/CGL/deps/glfw/src/internal.h */,
				7F79B6C3EA814921B934C437 /* /Users/Emma/Documents/UCB/cs284/p2-meshedit-sp20-zhezhaosp19/CGL/deps/glfw/src/iokit_joystick.h */,
				7F28AD013DC14DC491C7A6F2 /* /Users/Emma/Documents/UCB/cs284/p2-meshedit-sp20-zhezhaosp19/CGL/deps/glfw/src/nsgl_context.h */,
				ADA74BBF29E649D29BC8C112 /* /Users/Emma/Documents/UCB/cs284/p2-meshedit-sp20-zhezhaosp19/CGL/deps/glfw/src/posix_tls.h */,
				BE1BB3121A834431BF2C9BC1 /* /Users/Emma/Documents/UCB/cs284/p2-meshedit-sp20-zhezhaosp19/xcode/CGL/deps/glfw/src/glfw_config.h */,
			);
			name = "Header Files";
			sourceTree = "<group>";
		};
		AC64786685594D418D428237 /* Source Files */ = {
			isa = PBXGroup;
			children = (
				6ED3195B55B94EB7BD36F51F /* /Users/Emma/Documents/UCB/cs284/p2-meshedit-sp20-zhezhaosp19/CGL/src/base64.cpp */,
				67A3BB80EFB6462195E35710 /* /Users/Emma/Documents/UCB/cs284/p2-meshedit-sp20-zhezhaosp19/CGL/src/color.cpp */,
				321DC714827F45D19153DE8F /* /Users/Emma/Documents/UCB/cs284/p2-meshedit-sp20-zhezhaosp19/CGL/src/complex.cpp */,
				71265235C1474CBDAC70113E /* /Users/Emma/Documents/UCB/cs284/p2-meshedit-sp20-zhezhaosp19/CGL/src/matrix3x3.cpp */,
				BDF7684109904AFDB9B4CEA3 /* /Users/Emma/Documents/UCB/cs284/p2-meshedit-sp20-zhezhaosp19/CGL/src/matrix4x4.cpp */,
				F6AE2D2720E2447F90DB17D3 /* /Users/Emma/Documents/UCB/cs284/p2-meshedit-sp20-zhezhaosp19/CGL/src/osdfont.cpp */,
				794B7BCB5D474F97AB903898 /* /Users/Emma/Documents/UCB/cs284/p2-meshedit-sp20-zhezhaosp19/CGL/src/osdtext.cpp */,
				82F0510C309E4A9AAABACA90 /* /Users/Emma/Documents/UCB/cs284/p2-meshedit-sp20-zhezhaosp19/CGL/src/quaternion.cpp */,
				5D0BA24C41E644B68AFD5C5C /* /Users/Emma/Documents/UCB/cs284/p2-meshedit-sp20-zhezhaosp19/CGL/src/tinyxml2.cpp */,
				BD10FE7C51904068B7191085 /* /Users/Emma/Documents/UCB/cs284/p2-meshedit-sp20-zhezhaosp19/CGL/src/vector2D.cpp */,
				BA7E4A7075744A409A9076DA /* /Users/Emma/Documents/UCB/cs284/p2-meshedit-sp20-zhezhaosp19/CGL/src/vector3D.cpp */,
				3C3449EA85F74AA49C64530E /* /Users/Emma/Documents/UCB/cs284/p2-meshedit-sp20-zhezhaosp19/CGL/src/vector4D.cpp */,
				39409CC3627A4EDBBF196026 /* /Users/Emma/Documents/UCB/cs284/p2-meshedit-sp20-zhezhaosp19/CGL/src/viewer.cpp */,
			);
			name = "Source Files";
			sourceTree = "<group>";
		};
		D4B65B0983624679AD069A4E /* CMake Rules */ = {
			isa = PBXGroup;
			children = (
			);
			name = "CMake Rules";
			sourceTree = "<group>";
		};
		DA4BA5D1441842F292D4E1BE /* glew */ = {
			isa = PBXGroup;
			children = (
				7384AEA85D624FF8B75FE0C0 /* Source Files */,
				9BD7282654B54AD8884CFFDD /* /Users/Emma/Documents/UCB/cs284/p2-meshedit-sp20-zhezhaosp19/CGL/deps/glew/CMakeLists.txt */,
			);
			name = glew;
			sourceTree = "<group>";
		};
		FC571262D16A445BB0FFD644 /* Products */ = {
			isa = PBXGroup;
			children = (
				24956709339D4F5C9CB7E6CE /* CGL */,
				9BE21BE531AB4F249366F6FC /* glew */,
				25EF947BC44F49D589D3090E /* glfw */,
			);
			name = Products;
			sourceTree = "<group>";
		};
/* End PBXGroup section */

/* Begin PBXNativeTarget section */
		22A44223C54C43C4B9E63F04 /* glfw */ = {
			isa = PBXNativeTarget;
			buildConfigurationList = 0BC670CF81FE46AAA33E8ABB /* Build configuration list for PBXNativeTarget "glfw" */;
			buildPhases = (
				B993A2B236584DCCAE667B08 /* Sources */,
			);
			buildRules = (
			);
			dependencies = (
			);
			name = glfw;
			productName = glfw;
			productReference = 25EF947BC44F49D589D3090E /* glfw */;
			productType = "com.apple.product-type.library.static";
		};
		C1A468E661174DD194706D05 /* glew */ = {
			isa = PBXNativeTarget;
			buildConfigurationList = 0B28291911E4478689E3794F /* Build configuration list for PBXNativeTarget "glew" */;
			buildPhases = (
				A9E2E6D9DD4C4F5989D33670 /* Sources */,
			);
			buildRules = (
			);
			dependencies = (
			);
			name = glew;
			productName = glew;
			productReference = 9BE21BE531AB4F249366F6FC /* glew */;
			productType = "com.apple.product-type.library.static";
		};
		E50057DC0D744ECE83103966 /* CGL */ = {
			isa = PBXNativeTarget;
			buildConfigurationList = 62BF19EAEAB7442BBB031D3C /* Build configuration list for PBXNativeTarget "CGL" */;
			buildPhases = (
				A281C1E62B2246A1B6BBECDA /* Sources */,
			);
			buildRules = (
			);
			dependencies = (
				48E1CB4AA13140CD80602D2E /* PBXTargetDependency */,
			);
			name = CGL;
			productName = CGL;
			productReference = 24956709339D4F5C9CB7E6CE /* CGL */;
			productType = "com.apple.product-type.library.static";
		};
/* End PBXNativeTarget section */

/* Begin PBXProject section */
		3570B3E5B3A342288138462F /* Project object */ = {
			isa = PBXProject;
			attributes = {
				BuildIndependentTargetsInParallel = YES;
				LastUpgradeCheck = 1130;
			};
			buildConfigurationList = 4F63FF6062994C46A5C49DD6 /* Build configuration list for PBXProject "CGL" */;
			buildSettings = {
			};
			buildStyles = (
				DBCC3BE32C9C4C84981A027E /* Debug */,
				CD5703ED71044E198B40CDAF /* Release */,
				3819E4F7EB1748C8BEBA91AB /* MinSizeRel */,
				7937A78B117D439BADB39DC3 /* RelWithDebInfo */,
			);
			compatibilityVersion = "Xcode 3.2";
			hasScannedForEncodings = 0;
			mainGroup = 75B3C0B42E664B0BA6DF9266;
			projectDirPath = ../../CGL;
			projectRoot = "";
			targets = (
				ED65811D153E4831AC7118CD /* ALL_BUILD */,
				E50057DC0D744ECE83103966 /* CGL */,
				6BF66E6959D44E05852DBA9D /* ZERO_CHECK */,
				C1A468E661174DD194706D05 /* glew */,
				22A44223C54C43C4B9E63F04 /* glfw */,
				E712D76476B54D069C1CF28E /* install */,
				88424FD1C74E4CE8ACA0530F /* uninstall */,
			);
		};
/* End PBXProject section */

/* Begin PBXShellScriptBuildPhase section */
		0AFABA63A1A64CB08649879F = {
			isa = PBXShellScriptBuildPhase;
			buildActionMask = 2147483647;
			files = (
			);
			inputPaths = (
			);
			outputPaths = (
			);
			runOnlyForDeploymentPostprocessing = 0;
			shellPath = /bin/sh;
			shellScript = "# shell script goes here
exit 0";
			showEnvVarsInLog = 0;
		};
		0C0A3D231C7F44DF914459AD /* CMake Rules */ = {
			isa = PBXShellScriptBuildPhase;
			buildActionMask = 2147483647;
			files = (
			);
			name = "CMake Rules";
			runOnlyForDeploymentPostprocessing = 0;
			shellPath = /bin/sh;
			shellScript = "make -C /Users/Emma/Documents/UCB/cs284/p2-meshedit-sp20-zhezhaosp19/xcode/CGL -f /Users/Emma/Documents/UCB/cs284/p2-meshedit-sp20-zhezhaosp19/xcode/CGL/CMakeScripts/ZERO_CHECK_cmakeRulesBuildPhase.make$CONFIGURATION OBJDIR=$(basename \"$OBJECT_FILE_DIR_normal\") all";
			showEnvVarsInLog = 0;
		};
		4FD0110C3F3142848FB7E17C = {
			isa = PBXShellScriptBuildPhase;
			buildActionMask = 2147483647;
			files = (
			);
			inputPaths = (
			);
			outputPaths = (
			);
			runOnlyForDeploymentPostprocessing = 0;
			shellPath = /bin/sh;
			shellScript = "# shell script goes here
exit 0";
			showEnvVarsInLog = 0;
		};
		72DBDD1668B443AD902DC962 = {
			isa = PBXShellScriptBuildPhase;
			buildActionMask = 2147483647;
			files = (
			);
			inputPaths = (
			);
			outputPaths = (
			);
			runOnlyForDeploymentPostprocessing = 0;
			shellPath = /bin/sh;
			shellScript = "# shell script goes here
exit 0";
			showEnvVarsInLog = 0;
		};
		9CCB21084C874447AF5728B5 /* CMake Rules */ = {
			isa = PBXShellScriptBuildPhase;
			buildActionMask = 2147483647;
			files = (
			);
			name = "CMake Rules";
			runOnlyForDeploymentPostprocessing = 0;
			shellPath = /bin/sh;
			shellScript = "make -C /Users/Emma/Documents/UCB/cs284/p2-meshedit-sp20-zhezhaosp19/xcode/CGL -f /Users/Emma/Documents/UCB/cs284/p2-meshedit-sp20-zhezhaosp19/xcode/CGL/CMakeScripts/ALL_BUILD_cmakeRulesBuildPhase.make$CONFIGURATION OBJDIR=$(basename \"$OBJECT_FILE_DIR_normal\") all";
			showEnvVarsInLog = 0;
		};
		B71B3AC5AEEC4B98B31061A1 = {
			isa = PBXShellScriptBuildPhase;
			buildActionMask = 2147483647;
			files = (
			);
			inputPaths = (
			);
			outputPaths = (
			);
			runOnlyForDeploymentPostprocessing = 0;
			shellPath = /bin/sh;
			shellScript = "# shell script goes here
exit 0";
			showEnvVarsInLog = 0;
		};
		DB3A2E78F70146DFBF465E4F /* CMake Rules */ = {
			isa = PBXShellScriptBuildPhase;
			buildActionMask = 2147483647;
			files = (
			);
			name = "CMake Rules";
			runOnlyForDeploymentPostprocessing = 0;
			shellPath = /bin/sh;
			shellScript = "make -C /Users/Emma/Documents/UCB/cs284/p2-meshedit-sp20-zhezhaosp19/xcode/CGL/deps/glfw -f /Users/Emma/Documents/UCB/cs284/p2-meshedit-sp20-zhezhaosp19/xcode/CGL/deps/glfw/CMakeScripts/uninstall_cmakeRulesBuildPhase.make$CONFIGURATION OBJDIR=$(basename \"$OBJECT_FILE_DIR_normal\") all";
			showEnvVarsInLog = 0;
		};
		FED282E2E2FC403AA39BC2BF /* CMake PostBuild Rules */ = {
			isa = PBXShellScriptBuildPhase;
			buildActionMask = 2147483647;
			files = (
			);
			name = "CMake PostBuild Rules";
			runOnlyForDeploymentPostprocessing = 0;
			shellPath = /bin/sh;
			shellScript = "make -C /Users/Emma/Documents/UCB/cs284/p2-meshedit-sp20-zhezhaosp19/xcode/CGL -f /Users/Emma/Documents/UCB/cs284/p2-meshedit-sp20-zhezhaosp19/xcode/CGL/CMakeScripts/install_postBuildPhase.make$CONFIGURATION OBJDIR=$(basename \"$OBJECT_FILE_DIR_normal\") all";
			showEnvVarsInLog = 0;
		};
/* End PBXShellScriptBuildPhase section */

/* Begin PBXSourcesBuildPhase section */
		A281C1E62B2246A1B6BBECDA /* Sources */ = {
			isa = PBXSourcesBuildPhase;
			buildActionMask = 2147483647;
			files = (
				32097EFAF0804217820A5A98 /* /Users/Emma/Documents/UCB/cs284/p2-meshedit-sp20-zhezhaosp19/CGL/src/base64.cpp */,
				884544FB56914D0DBBFAE1A4 /* /Users/Emma/Documents/UCB/cs284/p2-meshedit-sp20-zhezhaosp19/CGL/src/color.cpp */,
				97F2119EEEB547BAB7AB7117 /* /Users/Emma/Documents/UCB/cs284/p2-meshedit-sp20-zhezhaosp19/CGL/src/complex.cpp */,
				FC1D7FA59C2142F79CE00672 /* /Users/Emma/Documents/UCB/cs284/p2-meshedit-sp20-zhezhaosp19/CGL/src/matrix3x3.cpp */,
				0C8A34D8D90B4533BF87DEEE /* /Users/Emma/Documents/UCB/cs284/p2-meshedit-sp20-zhezhaosp19/CGL/src/matrix4x4.cpp */,
				F3E9B9E950DD45B98A57AF26 /* /Users/Emma/Documents/UCB/cs284/p2-meshedit-sp20-zhezhaosp19/CGL/src/osdfont.cpp */,
				5AB4844464B7495CB9AF640E /* /Users/Emma/Documents/UCB/cs284/p2-meshedit-sp20-zhezhaosp19/CGL/src/osdtext.cpp */,
				60AF5C0FED9543FD9A874BE4 /* /Users/Emma/Documents/UCB/cs284/p2-meshedit-sp20-zhezhaosp19/CGL/src/quaternion.cpp */,
				38D2C00365DA404CBE69988D /* /Users/Emma/Documents/UCB/cs284/p2-meshedit-sp20-zhezhaosp19/CGL/src/tinyxml2.cpp */,
				67546B45C4B140089176AF51 /* /Users/Emma/Documents/UCB/cs284/p2-meshedit-sp20-zhezhaosp19/CGL/src/vector2D.cpp */,
				97C4CEB29B224B0881053AE3 /* /Users/Emma/Documents/UCB/cs284/p2-meshedit-sp20-zhezhaosp19/CGL/src/vector3D.cpp */,
				B6566EDAEF4C40F585702331 /* /Users/Emma/Documents/UCB/cs284/p2-meshedit-sp20-zhezhaosp19/CGL/src/vector4D.cpp */,
				A0052E750C98485283D86BA6 /* /Users/Emma/Documents/UCB/cs284/p2-meshedit-sp20-zhezhaosp19/CGL/src/viewer.cpp */,
			);
			runOnlyForDeploymentPostprocessing = 0;
		};
		A9E2E6D9DD4C4F5989D33670 /* Sources */ = {
			isa = PBXSourcesBuildPhase;
			buildActionMask = 2147483647;
			files = (
				7FB2CA663C1A4BD5B44E6804 /* /Users/Emma/Documents/UCB/cs284/p2-meshedit-sp20-zhezhaosp19/CGL/deps/glew/src/glew.c */,
				46F2DA472C8D423D857E1782 /* /Users/Emma/Documents/UCB/cs284/p2-meshedit-sp20-zhezhaosp19/CGL/deps/glew/src/glewinfo.c */,
				BA380A10BFD34747B5A897A1 /* /Users/Emma/Documents/UCB/cs284/p2-meshedit-sp20-zhezhaosp19/CGL/deps/glew/src/visualinfo.c */,
			);
			runOnlyForDeploymentPostprocessing = 0;
		};
		B993A2B236584DCCAE667B08 /* Sources */ = {
			isa = PBXSourcesBuildPhase;
			buildActionMask = 2147483647;
			files = (
				DDFE4BB2EA2642FA89C3F199 /* /Users/Emma/Documents/UCB/cs284/p2-meshedit-sp20-zhezhaosp19/CGL/deps/glfw/src/cocoa_init.m */,
				6A16F7D42A4D401EA5E19A96 /* /Users/Emma/Documents/UCB/cs284/p2-meshedit-sp20-zhezhaosp19/CGL/deps/glfw/src/cocoa_monitor.m */,
				C9F76476BA2142CABA997F1C /* /Users/Emma/Documents/UCB/cs284/p2-meshedit-sp20-zhezhaosp19/CGL/deps/glfw/src/cocoa_window.m */,
				3711FF5D6A0B41F2A2A4BA68 /* /Users/Emma/Documents/UCB/cs284/p2-meshedit-sp20-zhezhaosp19/CGL/deps/glfw/src/context.c */,
				4C099DBAA78E4E6886EB5002 /* /Users/Emma/Documents/UCB/cs284/p2-meshedit-sp20-zhezhaosp19/CGL/deps/glfw/src/init.c */,
				9BCB21319E5B4D11A0DFF5BE /* /Users/Emma/Documents/UCB/cs284/p2-meshedit-sp20-zhezhaosp19/CGL/deps/glfw/src/input.c */,
				6E7141E2D0B84B558DEAEF23 /* /Users/Emma/Documents/UCB/cs284/p2-meshedit-sp20-zhezhaosp19/CGL/deps/glfw/src/iokit_joystick.m */,
				5B4BD6AFC49D4E5D83716438 /* /Users/Emma/Documents/UCB/cs284/p2-meshedit-sp20-zhezhaosp19/CGL/deps/glfw/src/mach_time.c */,
				07D20FE1857C49C995E12642 /* /Users/Emma/Documents/UCB/cs284/p2-meshedit-sp20-zhezhaosp19/CGL/deps/glfw/src/monitor.c */,
				E8C30ECF4D404B9FACC50194 /* /Users/Emma/Documents/UCB/cs284/p2-meshedit-sp20-zhezhaosp19/CGL/deps/glfw/src/nsgl_context.m */,
				291EBA47FA8C4254AF4F0CEA /* /Users/Emma/Documents/UCB/cs284/p2-meshedit-sp20-zhezhaosp19/CGL/deps/glfw/src/posix_tls.c */,
				B4F9963E6AA745AC8BBE482F /* /Users/Emma/Documents/UCB/cs284/p2-meshedit-sp20-zhezhaosp19/CGL/deps/glfw/src/window.c */,
			);
			runOnlyForDeploymentPostprocessing = 0;
		};
/* End PBXSourcesBuildPhase section */

/* Begin PBXTargetDependency section */
		083CE461EC7444679E3A25C3 /* PBXTargetDependency */ = {
			isa = PBXTargetDependency;
			target = C1A468E661174DD194706D05 /* glew */;
			targetProxy = F36C465A064949CE8FDC6B0F /* PBXContainerItemProxy */;
		};
		3386887255F3484699535A3A /* PBXTargetDependency */ = {
			isa = PBXTargetDependency;
			target = 6BF66E6959D44E05852DBA9D /* ZERO_CHECK */;
			targetProxy = CA61A5B8682A426FBB84B5F5 /* PBXContainerItemProxy */;
		};
		42E5B4BAE1FB41EFA0052054 /* PBXTargetDependency */ = {
			isa = PBXTargetDependency;
			target = E50057DC0D744ECE83103966 /* CGL */;
			targetProxy = BAACD2C265554DBEAAE13BEF /* PBXContainerItemProxy */;
		};
		48E1CB4AA13140CD80602D2E /* PBXTargetDependency */ = {
			isa = PBXTargetDependency;
			target = C1A468E661174DD194706D05 /* glew */;
			targetProxy = CEF69A3A1C3E4AF79E03B3C1 /* PBXContainerItemProxy */;
		};
		565BE5D87BD646B8AE355B8C /* PBXTargetDependency */ = {
			isa = PBXTargetDependency;
			target = 22A44223C54C43C4B9E63F04 /* glfw */;
			targetProxy = 70AE64484CF649448C4B4EA6 /* PBXContainerItemProxy */;
		};
		979D14E32F3B48DDAEDDEDC7 /* PBXTargetDependency */ = {
			isa = PBXTargetDependency;
			target = ED65811D153E4831AC7118CD /* ALL_BUILD */;
			targetProxy = A12BE45FE1C040268B044654 /* PBXContainerItemProxy */;
		};
/* End PBXTargetDependency section */

/* Begin XCBuildConfiguration section */
		0E05C3F472954D03B5960F69 /* Release */ = {
			isa = XCBuildConfiguration;
			buildSettings = {
				COMBINE_HIDPI_IMAGES = YES;
				EXECUTABLE_PREFIX = lib;
				EXECUTABLE_SUFFIX = .a;
				GCC_GENERATE_DEBUGGING_SYMBOLS = NO;
				GCC_INLINES_ARE_PRIVATE_EXTERN = NO;
				GCC_OPTIMIZATION_LEVEL = 3;
				GCC_PREPROCESSOR_DEFINITIONS = ("'CMAKE_INTDIR=\"$(CONFIGURATION)$(EFFECTIVE_PLATFORM_NAME)\"'",GLEW_STATIC,_GLFW_USE_CONFIG_H);
				GCC_SYMBOLS_PRIVATE_EXTERN = NO;
				HEADER_SEARCH_PATHS = ("/Users/Emma/Documents/UCB/cs284/p2-meshedit-sp20-zhezhaosp19/CGL/deps/glfw/src","/Users/Emma/Documents/UCB/cs284/p2-meshedit-sp20-zhezhaosp19/xcode/CGL/deps/glfw/src");
				INSTALL_PATH = "";
				LIBRARY_STYLE = STATIC;
				OTHER_CFLAGS = "    -DNDEBUG -fPIC -w   -Wall";
				OTHER_LIBTOOLFLAGS = " ";
				OTHER_REZFLAGS = "";
				PRODUCT_NAME = glfw3;
				SECTORDER_FLAGS = "";
				SYMROOT = "/Users/Emma/Documents/UCB/cs284/p2-meshedit-sp20-zhezhaosp19/xcode/CGL/deps/glfw/src";
				USE_HEADERMAP = NO;
				WARNING_CFLAGS = ("-Wmost","-Wno-four-char-constants","-Wno-unknown-pragmas","$(inherited)");
			};
			name = Release;
		};
		14AC6711105E4EB291EECF81 /* Debug */ = {
			isa = XCBuildConfiguration;
			buildSettings = {
				COMBINE_HIDPI_IMAGES = YES;
				GCC_GENERATE_DEBUGGING_SYMBOLS = YES;
				GCC_INLINES_ARE_PRIVATE_EXTERN = NO;
				GCC_OPTIMIZATION_LEVEL = 0;
				GCC_PREPROCESSOR_DEFINITIONS = ("'CMAKE_INTDIR=\"$(CONFIGURATION)$(EFFECTIVE_PLATFORM_NAME)\"'");
				GCC_SYMBOLS_PRIVATE_EXTERN = NO;
				INSTALL_PATH = "";
				OTHER_LDFLAGS = " ";
				OTHER_REZFLAGS = "";
				PRODUCT_NAME = install;
				SECTORDER_FLAGS = "";
				SYMROOT = "/Users/Emma/Documents/UCB/cs284/p2-meshedit-sp20-zhezhaosp19/xcode/CGL";
				USE_HEADERMAP = NO;
				WARNING_CFLAGS = ("-Wmost","-Wno-four-char-constants","-Wno-unknown-pragmas","$(inherited)");
			};
			name = Debug;
		};
		30218489899B47C695C9BB15 /* RelWithDebInfo */ = {
			isa = XCBuildConfiguration;
			buildSettings = {
				COMBINE_HIDPI_IMAGES = YES;
				EXECUTABLE_PREFIX = lib;
				EXECUTABLE_SUFFIX = .a;
				GCC_GENERATE_DEBUGGING_SYMBOLS = YES;
				GCC_INLINES_ARE_PRIVATE_EXTERN = NO;
				GCC_OPTIMIZATION_LEVEL = 2;
				GCC_PREPROCESSOR_DEFINITIONS = ("'CMAKE_INTDIR=\"$(CONFIGURATION)$(EFFECTIVE_PLATFORM_NAME)\"'",GLEW_STATIC);
				GCC_SYMBOLS_PRIVATE_EXTERN = NO;
				HEADER_SEARCH_PATHS = ("/Users/Emma/Documents/UCB/cs284/p2-meshedit-sp20-zhezhaosp19/CGL/include","/Users/Emma/Documents/UCB/cs284/p2-meshedit-sp20-zhezhaosp19/CGL/deps/glew/include",/Library/Frameworks/Mono.framework/Headers,/usr/local/include/freetype2,"/Users/Emma/Documents/UCB/cs284/p2-meshedit-sp20-zhezhaosp19/CGL/src");
				INSTALL_PATH = "";
				LIBRARY_STYLE = STATIC;
				OTHER_CPLUSPLUSFLAGS = "       -DNDEBUG -Wno-constant-conversion  ";
				OTHER_LIBTOOLFLAGS = " ";
				OTHER_REZFLAGS = "";
				PRODUCT_NAME = CGL;
				SECTORDER_FLAGS = "";
				SYMROOT = "/Users/Emma/Documents/UCB/cs284/p2-meshedit-sp20-zhezhaosp19/xcode/CGL/src";
				USE_HEADERMAP = NO;
				WARNING_CFLAGS = ("-Wmost","-Wno-four-char-constants","-Wno-unknown-pragmas","$(inherited)");
			};
			name = RelWithDebInfo;
		};
		32136D8FA1BF4B0382F3779E /* Debug */ = {
			isa = XCBuildConfiguration;
			buildSettings = {
				COMBINE_HIDPI_IMAGES = YES;
				GCC_GENERATE_DEBUGGING_SYMBOLS = YES;
				GCC_INLINES_ARE_PRIVATE_EXTERN = NO;
				GCC_OPTIMIZATION_LEVEL = 0;
				GCC_PREPROCESSOR_DEFINITIONS = ("'CMAKE_INTDIR=\"$(CONFIGURATION)$(EFFECTIVE_PLATFORM_NAME)\"'");
				GCC_SYMBOLS_PRIVATE_EXTERN = NO;
				INSTALL_PATH = "";
				OTHER_LDFLAGS = " ";
				OTHER_REZFLAGS = "";
				PRODUCT_NAME = ALL_BUILD;
				SECTORDER_FLAGS = "";
				SYMROOT = "/Users/Emma/Documents/UCB/cs284/p2-meshedit-sp20-zhezhaosp19/xcode/CGL";
				USE_HEADERMAP = NO;
				WARNING_CFLAGS = ("-Wmost","-Wno-four-char-constants","-Wno-unknown-pragmas","$(inherited)");
			};
			name = Debug;
		};
		328C79F86AA247308FFA5E31 /* RelWithDebInfo */ = {
			isa = XCBuildConfiguration;
			buildSettings = {
				COMBINE_HIDPI_IMAGES = YES;
				EXECUTABLE_PREFIX = lib;
				EXECUTABLE_SUFFIX = .a;
				GCC_GENERATE_DEBUGGING_SYMBOLS = YES;
				GCC_INLINES_ARE_PRIVATE_EXTERN = NO;
				GCC_OPTIMIZATION_LEVEL = 2;
				GCC_PREPROCESSOR_DEFINITIONS = ("'CMAKE_INTDIR=\"$(CONFIGURATION)$(EFFECTIVE_PLATFORM_NAME)\"'",GLEW_STATIC,_GLFW_USE_CONFIG_H);
				GCC_SYMBOLS_PRIVATE_EXTERN = NO;
				HEADER_SEARCH_PATHS = ("/Users/Emma/Documents/UCB/cs284/p2-meshedit-sp20-zhezhaosp19/CGL/deps/glfw/src","/Users/Emma/Documents/UCB/cs284/p2-meshedit-sp20-zhezhaosp19/xcode/CGL/deps/glfw/src");
				INSTALL_PATH = "";
				LIBRARY_STYLE = STATIC;
				OTHER_CFLAGS = "       -DNDEBUG -fPIC -w   -Wall";
				OTHER_LIBTOOLFLAGS = " ";
				OTHER_REZFLAGS = "";
				PRODUCT_NAME = glfw3;
				SECTORDER_FLAGS = "";
				SYMROOT = "/Users/Emma/Documents/UCB/cs284/p2-meshedit-sp20-zhezhaosp19/xcode/CGL/deps/glfw/src";
				USE_HEADERMAP = NO;
				WARNING_CFLAGS = ("-Wmost","-Wno-four-char-constants","-Wno-unknown-pragmas","$(inherited)");
			};
			name = RelWithDebInfo;
		};
		33467B585A83449289ADA635 /* Release */ = {
			isa = XCBuildConfiguration;
			buildSettings = {
				COMBINE_HIDPI_IMAGES = YES;
				GCC_GENERATE_DEBUGGING_SYMBOLS = YES;
				GCC_INLINES_ARE_PRIVATE_EXTERN = NO;
				GCC_OPTIMIZATION_LEVEL = 0;
				GCC_PREPROCESSOR_DEFINITIONS = ("'CMAKE_INTDIR=\"$(CONFIGURATION)$(EFFECTIVE_PLATFORM_NAME)\"'");
				GCC_SYMBOLS_PRIVATE_EXTERN = NO;
				INSTALL_PATH = "";
				OTHER_LDFLAGS = " ";
				OTHER_REZFLAGS = "";
				PRODUCT_NAME = ALL_BUILD;
				SECTORDER_FLAGS = "";
				SYMROOT = "/Users/Emma/Documents/UCB/cs284/p2-meshedit-sp20-zhezhaosp19/xcode/CGL";
				USE_HEADERMAP = NO;
				WARNING_CFLAGS = ("-Wmost","-Wno-four-char-constants","-Wno-unknown-pragmas","$(inherited)");
			};
			name = Release;
		};
		41A10D0BEB334471BD17C8C4 /* Debug */ = {
			isa = XCBuildConfiguration;
			buildSettings = {
				COMBINE_HIDPI_IMAGES = YES;
				EXECUTABLE_PREFIX = lib;
				EXECUTABLE_SUFFIX = .a;
				GCC_GENERATE_DEBUGGING_SYMBOLS = YES;
				GCC_INLINES_ARE_PRIVATE_EXTERN = NO;
				GCC_OPTIMIZATION_LEVEL = 0;
				GCC_PREPROCESSOR_DEFINITIONS = ("'CMAKE_INTDIR=\"$(CONFIGURATION)$(EFFECTIVE_PLATFORM_NAME)\"'",GLEW_STATIC);
				GCC_SYMBOLS_PRIVATE_EXTERN = NO;
				HEADER_SEARCH_PATHS = ("/Users/Emma/Documents/UCB/cs284/p2-meshedit-sp20-zhezhaosp19/CGL/include","/Users/Emma/Documents/UCB/cs284/p2-meshedit-sp20-zhezhaosp19/CGL/deps/glew/include",/Library/Frameworks/Mono.framework/Headers,/usr/local/include/freetype2,"/Users/Emma/Documents/UCB/cs284/p2-meshedit-sp20-zhezhaosp19/CGL/src");
				INSTALL_PATH = "";
				LIBRARY_STYLE = STATIC;
				OTHER_CPLUSPLUSFLAGS = "   -Wno-constant-conversion  ";
				OTHER_LIBTOOLFLAGS = " ";
				OTHER_REZFLAGS = "";
				PRODUCT_NAME = CGL;
				SECTORDER_FLAGS = "";
				SYMROOT = "/Users/Emma/Documents/UCB/cs284/p2-meshedit-sp20-zhezhaosp19/xcode/CGL/src";
				USE_HEADERMAP = NO;
				WARNING_CFLAGS = ("-Wmost","-Wno-four-char-constants","-Wno-unknown-pragmas","$(inherited)");
			};
			name = Debug;
		};
		4C9C9744B1BC4A87B7BCCE0E /* Debug */ = {
			isa = XCBuildConfiguration;
			buildSettings = {
				COMBINE_HIDPI_IMAGES = YES;
				EXECUTABLE_PREFIX = lib;
				EXECUTABLE_SUFFIX = .a;
				GCC_GENERATE_DEBUGGING_SYMBOLS = YES;
				GCC_INLINES_ARE_PRIVATE_EXTERN = NO;
				GCC_OPTIMIZATION_LEVEL = 0;
				GCC_PREPROCESSOR_DEFINITIONS = ("'CMAKE_INTDIR=\"$(CONFIGURATION)$(EFFECTIVE_PLATFORM_NAME)\"'",GLEW_STATIC);
				GCC_SYMBOLS_PRIVATE_EXTERN = NO;
				HEADER_SEARCH_PATHS = ("/Users/Emma/Documents/UCB/cs284/p2-meshedit-sp20-zhezhaosp19/CGL/deps/glew/include");
				INSTALL_PATH = "";
				LIBRARY_STYLE = STATIC;
				OTHER_CFLAGS = "   -w  ";
				OTHER_LIBTOOLFLAGS = " ";
				OTHER_REZFLAGS = "";
				PRODUCT_NAME = glew;
				SECTORDER_FLAGS = "";
				SYMROOT = "/Users/Emma/Documents/UCB/cs284/p2-meshedit-sp20-zhezhaosp19/xcode/CGL/deps/glew";
				USE_HEADERMAP = NO;
				WARNING_CFLAGS = ("-Wmost","-Wno-four-char-constants","-Wno-unknown-pragmas","$(inherited)");
			};
			name = Debug;
		};
		5488072E90464D01ABAC95FF /* RelWithDebInfo */ = {
			isa = XCBuildConfiguration;
			buildSettings = {
				COMBINE_HIDPI_IMAGES = YES;
				GCC_GENERATE_DEBUGGING_SYMBOLS = YES;
				GCC_INLINES_ARE_PRIVATE_EXTERN = NO;
				GCC_OPTIMIZATION_LEVEL = 0;
				GCC_PREPROCESSOR_DEFINITIONS = ("'CMAKE_INTDIR=\"$(CONFIGURATION)$(EFFECTIVE_PLATFORM_NAME)\"'");
				GCC_SYMBOLS_PRIVATE_EXTERN = NO;
				INSTALL_PATH = "";
				OTHER_LDFLAGS = " ";
				OTHER_REZFLAGS = "";
				PRODUCT_NAME = install;
				SECTORDER_FLAGS = "";
				SYMROOT = "/Users/Emma/Documents/UCB/cs284/p2-meshedit-sp20-zhezhaosp19/xcode/CGL";
				USE_HEADERMAP = NO;
				WARNING_CFLAGS = ("-Wmost","-Wno-four-char-constants","-Wno-unknown-pragmas","$(inherited)");
			};
			name = RelWithDebInfo;
		};
		580E40009EF94DD9971D9D62 /* RelWithDebInfo */ = {
			isa = XCBuildConfiguration;
			buildSettings = {
				COMBINE_HIDPI_IMAGES = YES;
				GCC_GENERATE_DEBUGGING_SYMBOLS = YES;
				GCC_INLINES_ARE_PRIVATE_EXTERN = NO;
				GCC_OPTIMIZATION_LEVEL = 0;
				GCC_PREPROCESSOR_DEFINITIONS = ("'CMAKE_INTDIR=\"$(CONFIGURATION)$(EFFECTIVE_PLATFORM_NAME)\"'");
				GCC_SYMBOLS_PRIVATE_EXTERN = NO;
				INSTALL_PATH = "";
				OTHER_LDFLAGS = " ";
				OTHER_REZFLAGS = "";
				PRODUCT_NAME = ZERO_CHECK;
				SECTORDER_FLAGS = "";
				SYMROOT = "/Users/Emma/Documents/UCB/cs284/p2-meshedit-sp20-zhezhaosp19/xcode/CGL";
				USE_HEADERMAP = NO;
				WARNING_CFLAGS = ("-Wmost","-Wno-four-char-constants","-Wno-unknown-pragmas","$(inherited)");
			};
			name = RelWithDebInfo;
		};
		5AFE661BF7074704B0D36A90 /* RelWithDebInfo */ = {
			isa = XCBuildConfiguration;
			buildSettings = {
				COMBINE_HIDPI_IMAGES = YES;
				EXECUTABLE_PREFIX = lib;
				EXECUTABLE_SUFFIX = .a;
				GCC_GENERATE_DEBUGGING_SYMBOLS = YES;
				GCC_INLINES_ARE_PRIVATE_EXTERN = NO;
				GCC_OPTIMIZATION_LEVEL = 2;
				GCC_PREPROCESSOR_DEFINITIONS = ("'CMAKE_INTDIR=\"$(CONFIGURATION)$(EFFECTIVE_PLATFORM_NAME)\"'",GLEW_STATIC);
				GCC_SYMBOLS_PRIVATE_EXTERN = NO;
				HEADER_SEARCH_PATHS = ("/Users/Emma/Documents/UCB/cs284/p2-meshedit-sp20-zhezhaosp19/CGL/deps/glew/include");
				INSTALL_PATH = "";
				LIBRARY_STYLE = STATIC;
				OTHER_CFLAGS = "       -DNDEBUG -w  ";
				OTHER_LIBTOOLFLAGS = " ";
				OTHER_REZFLAGS = "";
				PRODUCT_NAME = glew;
				SECTORDER_FLAGS = "";
				SYMROOT = "/Users/Emma/Documents/UCB/cs284/p2-meshedit-sp20-zhezhaosp19/xcode/CGL/deps/glew";
				USE_HEADERMAP = NO;
				WARNING_CFLAGS = ("-Wmost","-Wno-four-char-constants","-Wno-unknown-pragmas","$(inherited)");
			};
			name = RelWithDebInfo;
		};
		5D3287D43CB748A096F45A54 /* RelWithDebInfo */ = {
			isa = XCBuildConfiguration;
			buildSettings = {
				ONLY_ACTIVE_ARCH = YES;
				SDKROOT = /Applications/Xcode.app/Contents/Developer/Platforms/MacOSX.platform/Developer/SDKs/MacOSX10.15.sdk;
				SYMROOT = "/Users/Emma/Documents/UCB/cs284/p2-meshedit-sp20-zhezhaosp19/xcode/CGL/build";
			};
			name = RelWithDebInfo;
		};
		6869623621AD470E9371AE02 /* MinSizeRel */ = {
			isa = XCBuildConfiguration;
			buildSettings = {
				COMBINE_HIDPI_IMAGES = YES;
				EXECUTABLE_PREFIX = lib;
				EXECUTABLE_SUFFIX = .a;
				GCC_GENERATE_DEBUGGING_SYMBOLS = NO;
				GCC_INLINES_ARE_PRIVATE_EXTERN = NO;
				GCC_OPTIMIZATION_LEVEL = s;
				GCC_PREPROCESSOR_DEFINITIONS = ("'CMAKE_INTDIR=\"$(CONFIGURATION)$(EFFECTIVE_PLATFORM_NAME)\"'",GLEW_STATIC);
				GCC_SYMBOLS_PRIVATE_EXTERN = NO;
				HEADER_SEARCH_PATHS = ("/Users/Emma/Documents/UCB/cs284/p2-meshedit-sp20-zhezhaosp19/CGL/include","/Users/Emma/Documents/UCB/cs284/p2-meshedit-sp20-zhezhaosp19/CGL/deps/glew/include",/Library/Frameworks/Mono.framework/Headers,/usr/local/include/freetype2,"/Users/Emma/Documents/UCB/cs284/p2-meshedit-sp20-zhezhaosp19/CGL/src");
				INSTALL_PATH = "";
				LIBRARY_STYLE = STATIC;
				OTHER_CPLUSPLUSFLAGS = "    -DNDEBUG -Wno-constant-conversion  ";
				OTHER_LIBTOOLFLAGS = " ";
				OTHER_REZFLAGS = "";
				PRODUCT_NAME = CGL;
				SECTORDER_FLAGS = "";
				SYMROOT = "/Users/Emma/Documents/UCB/cs284/p2-meshedit-sp20-zhezhaosp19/xcode/CGL/src";
				USE_HEADERMAP = NO;
				WARNING_CFLAGS = ("-Wmost","-Wno-four-char-constants","-Wno-unknown-pragmas","$(inherited)");
			};
			name = MinSizeRel;
		};
		7DC1492747B74155A1EEF4A5 /* MinSizeRel */ = {
			isa = XCBuildConfiguration;
			buildSettings = {
				COMBINE_HIDPI_IMAGES = YES;
				GCC_GENERATE_DEBUGGING_SYMBOLS = YES;
				GCC_INLINES_ARE_PRIVATE_EXTERN = NO;
				GCC_OPTIMIZATION_LEVEL = 0;
				GCC_PREPROCESSOR_DEFINITIONS = ("'CMAKE_INTDIR=\"$(CONFIGURATION)$(EFFECTIVE_PLATFORM_NAME)\"'");
				GCC_SYMBOLS_PRIVATE_EXTERN = NO;
				INSTALL_PATH = "";
				OTHER_LDFLAGS = " ";
				OTHER_REZFLAGS = "";
				PRODUCT_NAME = ZERO_CHECK;
				SECTORDER_FLAGS = "";
				SYMROOT = "/Users/Emma/Documents/UCB/cs284/p2-meshedit-sp20-zhezhaosp19/xcode/CGL";
				USE_HEADERMAP = NO;
				WARNING_CFLAGS = ("-Wmost","-Wno-four-char-constants","-Wno-unknown-pragmas","$(inherited)");
			};
			name = MinSizeRel;
		};
		7F601E947A574E098D5F2D03 /* Debug */ = {
			isa = XCBuildConfiguration;
			buildSettings = {
				COMBINE_HIDPI_IMAGES = YES;
				GCC_GENERATE_DEBUGGING_SYMBOLS = YES;
				GCC_INLINES_ARE_PRIVATE_EXTERN = NO;
				GCC_OPTIMIZATION_LEVEL = 0;
				GCC_PREPROCESSOR_DEFINITIONS = ("'CMAKE_INTDIR=\"$(CONFIGURATION)$(EFFECTIVE_PLATFORM_NAME)\"'");
				GCC_SYMBOLS_PRIVATE_EXTERN = NO;
				INSTALL_PATH = "";
				OTHER_LDFLAGS = " ";
				OTHER_REZFLAGS = "";
				PRODUCT_NAME = uninstall;
				SECTORDER_FLAGS = "";
				SYMROOT = "/Users/Emma/Documents/UCB/cs284/p2-meshedit-sp20-zhezhaosp19/xcode/CGL/deps/glfw";
				USE_HEADERMAP = NO;
				WARNING_CFLAGS = ("-Wmost","-Wno-four-char-constants","-Wno-unknown-pragmas","$(inherited)");
			};
			name = Debug;
		};
		809D5DE725BE467A995EA89D /* MinSizeRel */ = {
			isa = XCBuildConfiguration;
			buildSettings = {
				COMBINE_HIDPI_IMAGES = YES;
				EXECUTABLE_PREFIX = lib;
				EXECUTABLE_SUFFIX = .a;
				GCC_GENERATE_DEBUGGING_SYMBOLS = NO;
				GCC_INLINES_ARE_PRIVATE_EXTERN = NO;
				GCC_OPTIMIZATION_LEVEL = s;
				GCC_PREPROCESSOR_DEFINITIONS = ("'CMAKE_INTDIR=\"$(CONFIGURATION)$(EFFECTIVE_PLATFORM_NAME)\"'",GLEW_STATIC,_GLFW_USE_CONFIG_H);
				GCC_SYMBOLS_PRIVATE_EXTERN = NO;
				HEADER_SEARCH_PATHS = ("/Users/Emma/Documents/UCB/cs284/p2-meshedit-sp20-zhezhaosp19/CGL/deps/glfw/src","/Users/Emma/Documents/UCB/cs284/p2-meshedit-sp20-zhezhaosp19/xcode/CGL/deps/glfw/src");
				INSTALL_PATH = "";
				LIBRARY_STYLE = STATIC;
				OTHER_CFLAGS = "    -DNDEBUG -fPIC -w   -Wall";
				OTHER_LIBTOOLFLAGS = " ";
				OTHER_REZFLAGS = "";
				PRODUCT_NAME = glfw3;
				SECTORDER_FLAGS = "";
				SYMROOT = "/Users/Emma/Documents/UCB/cs284/p2-meshedit-sp20-zhezhaosp19/xcode/CGL/deps/glfw/src";
				USE_HEADERMAP = NO;
				WARNING_CFLAGS = ("-Wmost","-Wno-four-char-constants","-Wno-unknown-pragmas","$(inherited)");
			};
			name = MinSizeRel;
		};
		825EADD4B7344955A0F98AD3 /* Release */ = {
			isa = XCBuildConfiguration;
			buildSettings = {
				COMBINE_HIDPI_IMAGES = YES;
				GCC_GENERATE_DEBUGGING_SYMBOLS = YES;
				GCC_INLINES_ARE_PRIVATE_EXTERN = NO;
				GCC_OPTIMIZATION_LEVEL = 0;
				GCC_PREPROCESSOR_DEFINITIONS = ("'CMAKE_INTDIR=\"$(CONFIGURATION)$(EFFECTIVE_PLATFORM_NAME)\"'");
				GCC_SYMBOLS_PRIVATE_EXTERN = NO;
				INSTALL_PATH = "";
				OTHER_LDFLAGS = " ";
				OTHER_REZFLAGS = "";
				PRODUCT_NAME = ZERO_CHECK;
				SECTORDER_FLAGS = "";
				SYMROOT = "/Users/Emma/Documents/UCB/cs284/p2-meshedit-sp20-zhezhaosp19/xcode/CGL";
				USE_HEADERMAP = NO;
				WARNING_CFLAGS = ("-Wmost","-Wno-four-char-constants","-Wno-unknown-pragmas","$(inherited)");
			};
			name = Release;
		};
		84BD924E675D4CF493F11100 /* Release */ = {
			isa = XCBuildConfiguration;
			buildSettings = {
				ONLY_ACTIVE_ARCH = YES;
				SDKROOT = /Applications/Xcode.app/Contents/Developer/Platforms/MacOSX.platform/Developer/SDKs/MacOSX10.15.sdk;
				SYMROOT = "/Users/Emma/Documents/UCB/cs284/p2-meshedit-sp20-zhezhaosp19/xcode/CGL/build";
			};
			name = Release;
		};
		8A003B4CDE3D4843A3A602E9 /* Release */ = {
			isa = XCBuildConfiguration;
			buildSettings = {
				COMBINE_HIDPI_IMAGES = YES;
				GCC_GENERATE_DEBUGGING_SYMBOLS = YES;
				GCC_INLINES_ARE_PRIVATE_EXTERN = NO;
				GCC_OPTIMIZATION_LEVEL = 0;
				GCC_PREPROCESSOR_DEFINITIONS = ("'CMAKE_INTDIR=\"$(CONFIGURATION)$(EFFECTIVE_PLATFORM_NAME)\"'");
				GCC_SYMBOLS_PRIVATE_EXTERN = NO;
				INSTALL_PATH = "";
				OTHER_LDFLAGS = " ";
				OTHER_REZFLAGS = "";
				PRODUCT_NAME = uninstall;
				SECTORDER_FLAGS = "";
				SYMROOT = "/Users/Emma/Documents/UCB/cs284/p2-meshedit-sp20-zhezhaosp19/xcode/CGL/deps/glfw";
				USE_HEADERMAP = NO;
				WARNING_CFLAGS = ("-Wmost","-Wno-four-char-constants","-Wno-unknown-pragmas","$(inherited)");
			};
			name = Release;
		};
		A73D2108ED9E4154A036CA40 /* Release */ = {
			isa = XCBuildConfiguration;
			buildSettings = {
				COMBINE_HIDPI_IMAGES = YES;
				GCC_GENERATE_DEBUGGING_SYMBOLS = YES;
				GCC_INLINES_ARE_PRIVATE_EXTERN = NO;
				GCC_OPTIMIZATION_LEVEL = 0;
				GCC_PREPROCESSOR_DEFINITIONS = ("'CMAKE_INTDIR=\"$(CONFIGURATION)$(EFFECTIVE_PLATFORM_NAME)\"'");
				GCC_SYMBOLS_PRIVATE_EXTERN = NO;
				INSTALL_PATH = "";
				OTHER_LDFLAGS = " ";
				OTHER_REZFLAGS = "";
				PRODUCT_NAME = install;
				SECTORDER_FLAGS = "";
				SYMROOT = "/Users/Emma/Documents/UCB/cs284/p2-meshedit-sp20-zhezhaosp19/xcode/CGL";
				USE_HEADERMAP = NO;
				WARNING_CFLAGS = ("-Wmost","-Wno-four-char-constants","-Wno-unknown-pragmas","$(inherited)");
			};
			name = Release;
		};
		AA5B20EFDF1541A184804409 /* MinSizeRel */ = {
			isa = XCBuildConfiguration;
			buildSettings = {
				COMBINE_HIDPI_IMAGES = YES;
				GCC_GENERATE_DEBUGGING_SYMBOLS = YES;
				GCC_INLINES_ARE_PRIVATE_EXTERN = NO;
				GCC_OPTIMIZATION_LEVEL = 0;
				GCC_PREPROCESSOR_DEFINITIONS = ("'CMAKE_INTDIR=\"$(CONFIGURATION)$(EFFECTIVE_PLATFORM_NAME)\"'");
				GCC_SYMBOLS_PRIVATE_EXTERN = NO;
				INSTALL_PATH = "";
				OTHER_LDFLAGS = " ";
				OTHER_REZFLAGS = "";
				PRODUCT_NAME = install;
				SECTORDER_FLAGS = "";
				SYMROOT = "/Users/Emma/Documents/UCB/cs284/p2-meshedit-sp20-zhezhaosp19/xcode/CGL";
				USE_HEADERMAP = NO;
				WARNING_CFLAGS = ("-Wmost","-Wno-four-char-constants","-Wno-unknown-pragmas","$(inherited)");
			};
			name = MinSizeRel;
		};
		ACA717000E0D4090B6B03FCD /* Release */ = {
			isa = XCBuildConfiguration;
			buildSettings = {
				COMBINE_HIDPI_IMAGES = YES;
				EXECUTABLE_PREFIX = lib;
				EXECUTABLE_SUFFIX = .a;
				GCC_GENERATE_DEBUGGING_SYMBOLS = NO;
				GCC_INLINES_ARE_PRIVATE_EXTERN = NO;
				GCC_OPTIMIZATION_LEVEL = 3;
				GCC_PREPROCESSOR_DEFINITIONS = ("'CMAKE_INTDIR=\"$(CONFIGURATION)$(EFFECTIVE_PLATFORM_NAME)\"'",GLEW_STATIC);
				GCC_SYMBOLS_PRIVATE_EXTERN = NO;
				HEADER_SEARCH_PATHS = ("/Users/Emma/Documents/UCB/cs284/p2-meshedit-sp20-zhezhaosp19/CGL/include","/Users/Emma/Documents/UCB/cs284/p2-meshedit-sp20-zhezhaosp19/CGL/deps/glew/include",/Library/Frameworks/Mono.framework/Headers,/usr/local/include/freetype2,"/Users/Emma/Documents/UCB/cs284/p2-meshedit-sp20-zhezhaosp19/CGL/src");
				INSTALL_PATH = "";
				LIBRARY_STYLE = STATIC;
				OTHER_CPLUSPLUSFLAGS = "    -DNDEBUG -Wno-constant-conversion  ";
				OTHER_LIBTOOLFLAGS = " ";
				OTHER_REZFLAGS = "";
				PRODUCT_NAME = CGL;
				SECTORDER_FLAGS = "";
				SYMROOT = "/Users/Emma/Documents/UCB/cs284/p2-meshedit-sp20-zhezhaosp19/xcode/CGL/src";
				USE_HEADERMAP = NO;
				WARNING_CFLAGS = ("-Wmost","-Wno-four-char-constants","-Wno-unknown-pragmas","$(inherited)");
			};
			name = Release;
		};
		AD3EBF0520804450BD7E507D /* MinSizeRel */ = {
			isa = XCBuildConfiguration;
			buildSettings = {
				COMBINE_HIDPI_IMAGES = YES;
				GCC_GENERATE_DEBUGGING_SYMBOLS = YES;
				GCC_INLINES_ARE_PRIVATE_EXTERN = NO;
				GCC_OPTIMIZATION_LEVEL = 0;
				GCC_PREPROCESSOR_DEFINITIONS = ("'CMAKE_INTDIR=\"$(CONFIGURATION)$(EFFECTIVE_PLATFORM_NAME)\"'");
				GCC_SYMBOLS_PRIVATE_EXTERN = NO;
				INSTALL_PATH = "";
				OTHER_LDFLAGS = " ";
				OTHER_REZFLAGS = "";
				PRODUCT_NAME = ALL_BUILD;
				SECTORDER_FLAGS = "";
				SYMROOT = "/Users/Emma/Documents/UCB/cs284/p2-meshedit-sp20-zhezhaosp19/xcode/CGL";
				USE_HEADERMAP = NO;
				WARNING_CFLAGS = ("-Wmost","-Wno-four-char-constants","-Wno-unknown-pragmas","$(inherited)");
			};
			name = MinSizeRel;
		};
		B7B1D436991648F99F837CEF /* MinSizeRel */ = {
			isa = XCBuildConfiguration;
			buildSettings = {
				ONLY_ACTIVE_ARCH = YES;
				SDKROOT = /Applications/Xcode.app/Contents/Developer/Platforms/MacOSX.platform/Developer/SDKs/MacOSX10.15.sdk;
				SYMROOT = "/Users/Emma/Documents/UCB/cs284/p2-meshedit-sp20-zhezhaosp19/xcode/CGL/build";
			};
			name = MinSizeRel;
		};
		BC004C6BCE2A425CA9C6942A /* MinSizeRel */ = {
			isa = XCBuildConfiguration;
			buildSettings = {
				COMBINE_HIDPI_IMAGES = YES;
				GCC_GENERATE_DEBUGGING_SYMBOLS = YES;
				GCC_INLINES_ARE_PRIVATE_EXTERN = NO;
				GCC_OPTIMIZATION_LEVEL = 0;
				GCC_PREPROCESSOR_DEFINITIONS = ("'CMAKE_INTDIR=\"$(CONFIGURATION)$(EFFECTIVE_PLATFORM_NAME)\"'");
				GCC_SYMBOLS_PRIVATE_EXTERN = NO;
				INSTALL_PATH = "";
				OTHER_LDFLAGS = " ";
				OTHER_REZFLAGS = "";
				PRODUCT_NAME = uninstall;
				SECTORDER_FLAGS = "";
				SYMROOT = "/Users/Emma/Documents/UCB/cs284/p2-meshedit-sp20-zhezhaosp19/xcode/CGL/deps/glfw";
				USE_HEADERMAP = NO;
				WARNING_CFLAGS = ("-Wmost","-Wno-four-char-constants","-Wno-unknown-pragmas","$(inherited)");
			};
			name = MinSizeRel;
		};
		C0DAC7566C0B49D4B2A377FB /* RelWithDebInfo */ = {
			isa = XCBuildConfiguration;
			buildSettings = {
				COMBINE_HIDPI_IMAGES = YES;
				GCC_GENERATE_DEBUGGING_SYMBOLS = YES;
				GCC_INLINES_ARE_PRIVATE_EXTERN = NO;
				GCC_OPTIMIZATION_LEVEL = 0;
				GCC_PREPROCESSOR_DEFINITIONS = ("'CMAKE_INTDIR=\"$(CONFIGURATION)$(EFFECTIVE_PLATFORM_NAME)\"'");
				GCC_SYMBOLS_PRIVATE_EXTERN = NO;
				INSTALL_PATH = "";
				OTHER_LDFLAGS = " ";
				OTHER_REZFLAGS = "";
				PRODUCT_NAME = ALL_BUILD;
				SECTORDER_FLAGS = "";
				SYMROOT = "/Users/Emma/Documents/UCB/cs284/p2-meshedit-sp20-zhezhaosp19/xcode/CGL";
				USE_HEADERMAP = NO;
				WARNING_CFLAGS = ("-Wmost","-Wno-four-char-constants","-Wno-unknown-pragmas","$(inherited)");
			};
			name = RelWithDebInfo;
		};
		D122BB2CC52C4EE8BCD1B9AB /* MinSizeRel */ = {
			isa = XCBuildConfiguration;
			buildSettings = {
				COMBINE_HIDPI_IMAGES = YES;
				EXECUTABLE_PREFIX = lib;
				EXECUTABLE_SUFFIX = .a;
				GCC_GENERATE_DEBUGGING_SYMBOLS = NO;
				GCC_INLINES_ARE_PRIVATE_EXTERN = NO;
				GCC_OPTIMIZATION_LEVEL = s;
				GCC_PREPROCESSOR_DEFINITIONS = ("'CMAKE_INTDIR=\"$(CONFIGURATION)$(EFFECTIVE_PLATFORM_NAME)\"'",GLEW_STATIC);
				GCC_SYMBOLS_PRIVATE_EXTERN = NO;
				HEADER_SEARCH_PATHS = ("/Users/Emma/Documents/UCB/cs284/p2-meshedit-sp20-zhezhaosp19/CGL/deps/glew/include");
				INSTALL_PATH = "";
				LIBRARY_STYLE = STATIC;
				OTHER_CFLAGS = "    -DNDEBUG -w  ";
				OTHER_LIBTOOLFLAGS = " ";
				OTHER_REZFLAGS = "";
				PRODUCT_NAME = glew;
				SECTORDER_FLAGS = "";
				SYMROOT = "/Users/Emma/Documents/UCB/cs284/p2-meshedit-sp20-zhezhaosp19/xcode/CGL/deps/glew";
				USE_HEADERMAP = NO;
				WARNING_CFLAGS = ("-Wmost","-Wno-four-char-constants","-Wno-unknown-pragmas","$(inherited)");
			};
			name = MinSizeRel;
		};
		D9F756B073FB45CD9D73DABD /* Debug */ = {
			isa = XCBuildConfiguration;
			buildSettings = {
				COMBINE_HIDPI_IMAGES = YES;
				EXECUTABLE_PREFIX = lib;
				EXECUTABLE_SUFFIX = .a;
				GCC_GENERATE_DEBUGGING_SYMBOLS = YES;
				GCC_INLINES_ARE_PRIVATE_EXTERN = NO;
				GCC_OPTIMIZATION_LEVEL = 0;
				GCC_PREPROCESSOR_DEFINITIONS = ("'CMAKE_INTDIR=\"$(CONFIGURATION)$(EFFECTIVE_PLATFORM_NAME)\"'",GLEW_STATIC,_GLFW_USE_CONFIG_H);
				GCC_SYMBOLS_PRIVATE_EXTERN = NO;
				HEADER_SEARCH_PATHS = ("/Users/Emma/Documents/UCB/cs284/p2-meshedit-sp20-zhezhaosp19/CGL/deps/glfw/src","/Users/Emma/Documents/UCB/cs284/p2-meshedit-sp20-zhezhaosp19/xcode/CGL/deps/glfw/src");
				INSTALL_PATH = "";
				LIBRARY_STYLE = STATIC;
				OTHER_CFLAGS = "   -fPIC -w   -Wall";
				OTHER_LIBTOOLFLAGS = " ";
				OTHER_REZFLAGS = "";
				PRODUCT_NAME = glfw3;
				SECTORDER_FLAGS = "";
				SYMROOT = "/Users/Emma/Documents/UCB/cs284/p2-meshedit-sp20-zhezhaosp19/xcode/CGL/deps/glfw/src";
				USE_HEADERMAP = NO;
				WARNING_CFLAGS = ("-Wmost","-Wno-four-char-constants","-Wno-unknown-pragmas","$(inherited)");
			};
			name = Debug;
		};
		E2447D103047484EBD71BD48 /* Debug */ = {
			isa = XCBuildConfiguration;
			buildSettings = {
				COMBINE_HIDPI_IMAGES = YES;
				GCC_GENERATE_DEBUGGING_SYMBOLS = YES;
				GCC_INLINES_ARE_PRIVATE_EXTERN = NO;
				GCC_OPTIMIZATION_LEVEL = 0;
				GCC_PREPROCESSOR_DEFINITIONS = ("'CMAKE_INTDIR=\"$(CONFIGURATION)$(EFFECTIVE_PLATFORM_NAME)\"'");
				GCC_SYMBOLS_PRIVATE_EXTERN = NO;
				INSTALL_PATH = "";
				OTHER_LDFLAGS = " ";
				OTHER_REZFLAGS = "";
				PRODUCT_NAME = ZERO_CHECK;
				SECTORDER_FLAGS = "";
				SYMROOT = "/Users/Emma/Documents/UCB/cs284/p2-meshedit-sp20-zhezhaosp19/xcode/CGL";
				USE_HEADERMAP = NO;
				WARNING_CFLAGS = ("-Wmost","-Wno-four-char-constants","-Wno-unknown-pragmas","$(inherited)");
			};
			name = Debug;
		};
		EB4837469EC24E8E8B226F06 /* Debug */ = {
			isa = XCBuildConfiguration;
			buildSettings = {
				ONLY_ACTIVE_ARCH = YES;
				SDKROOT = /Applications/Xcode.app/Contents/Developer/Platforms/MacOSX.platform/Developer/SDKs/MacOSX10.15.sdk;
				SYMROOT = "/Users/Emma/Documents/UCB/cs284/p2-meshedit-sp20-zhezhaosp19/xcode/CGL/build";
			};
			name = Debug;
		};
		F04162292D814E24A16821BC /* RelWithDebInfo */ = {
			isa = XCBuildConfiguration;
			buildSettings = {
				COMBINE_HIDPI_IMAGES = YES;
				GCC_GENERATE_DEBUGGING_SYMBOLS = YES;
				GCC_INLINES_ARE_PRIVATE_EXTERN = NO;
				GCC_OPTIMIZATION_LEVEL = 0;
				GCC_PREPROCESSOR_DEFINITIONS = ("'CMAKE_INTDIR=\"$(CONFIGURATION)$(EFFECTIVE_PLATFORM_NAME)\"'");
				GCC_SYMBOLS_PRIVATE_EXTERN = NO;
				INSTALL_PATH = "";
				OTHER_LDFLAGS = " ";
				OTHER_REZFLAGS = "";
				PRODUCT_NAME = uninstall;
				SECTORDER_FLAGS = "";
				SYMROOT = "/Users/Emma/Documents/UCB/cs284/p2-meshedit-sp20-zhezhaosp19/xcode/CGL/deps/glfw";
				USE_HEADERMAP = NO;
				WARNING_CFLAGS = ("-Wmost","-Wno-four-char-constants","-Wno-unknown-pragmas","$(inherited)");
			};
			name = RelWithDebInfo;
		};
		F9954CFFB3A14E4EADAAB538 /* Release */ = {
			isa = XCBuildConfiguration;
			buildSettings = {
				COMBINE_HIDPI_IMAGES = YES;
				EXECUTABLE_PREFIX = lib;
				EXECUTABLE_SUFFIX = .a;
				GCC_GENERATE_DEBUGGING_SYMBOLS = NO;
				GCC_INLINES_ARE_PRIVATE_EXTERN = NO;
				GCC_OPTIMIZATION_LEVEL = 3;
				GCC_PREPROCESSOR_DEFINITIONS = ("'CMAKE_INTDIR=\"$(CONFIGURATION)$(EFFECTIVE_PLATFORM_NAME)\"'",GLEW_STATIC);
				GCC_SYMBOLS_PRIVATE_EXTERN = NO;
				HEADER_SEARCH_PATHS = ("/Users/Emma/Documents/UCB/cs284/p2-meshedit-sp20-zhezhaosp19/CGL/deps/glew/include");
				INSTALL_PATH = "";
				LIBRARY_STYLE = STATIC;
				OTHER_CFLAGS = "    -DNDEBUG -w  ";
				OTHER_LIBTOOLFLAGS = " ";
				OTHER_REZFLAGS = "";
				PRODUCT_NAME = glew;
				SECTORDER_FLAGS = "";
				SYMROOT = "/Users/Emma/Documents/UCB/cs284/p2-meshedit-sp20-zhezhaosp19/xcode/CGL/deps/glew";
				USE_HEADERMAP = NO;
				WARNING_CFLAGS = ("-Wmost","-Wno-four-char-constants","-Wno-unknown-pragmas","$(inherited)");
			};
			name = Release;
		};
/* End XCBuildConfiguration section */

/* Begin XCConfigurationList section */
		0B28291911E4478689E3794F /* Build configuration list for PBXNativeTarget "glew" */ = {
			isa = XCConfigurationList;
			buildConfigurations = (
				4C9C9744B1BC4A87B7BCCE0E /* Debug */,
				F9954CFFB3A14E4EADAAB538 /* Release */,
				D122BB2CC52C4EE8BCD1B9AB /* MinSizeRel */,
				5AFE661BF7074704B0D36A90 /* RelWithDebInfo */,
			);
			defaultConfigurationIsVisible = 0;
			defaultConfigurationName = Debug;
		};
		0BC670CF81FE46AAA33E8ABB /* Build configuration list for PBXNativeTarget "glfw" */ = {
			isa = XCConfigurationList;
			buildConfigurations = (
				D9F756B073FB45CD9D73DABD /* Debug */,
				0E05C3F472954D03B5960F69 /* Release */,
				809D5DE725BE467A995EA89D /* MinSizeRel */,
				328C79F86AA247308FFA5E31 /* RelWithDebInfo */,
			);
			defaultConfigurationIsVisible = 0;
			defaultConfigurationName = Debug;
		};
		3F70E93E0FFD4D4C8E5F1213 /* Build configuration list for PBXAggregateTarget "install" */ = {
			isa = XCConfigurationList;
			buildConfigurations = (
				14AC6711105E4EB291EECF81 /* Debug */,
				A73D2108ED9E4154A036CA40 /* Release */,
				AA5B20EFDF1541A184804409 /* MinSizeRel */,
				5488072E90464D01ABAC95FF /* RelWithDebInfo */,
			);
			defaultConfigurationIsVisible = 0;
			defaultConfigurationName = Debug;
		};
		4F63FF6062994C46A5C49DD6 /* Build configuration list for PBXProject "CGL" */ = {
			isa = XCConfigurationList;
			buildConfigurations = (
				EB4837469EC24E8E8B226F06 /* Debug */,
				84BD924E675D4CF493F11100 /* Release */,
				B7B1D436991648F99F837CEF /* MinSizeRel */,
				5D3287D43CB748A096F45A54 /* RelWithDebInfo */,
			);
			defaultConfigurationIsVisible = 0;
			defaultConfigurationName = Debug;
		};
		62BF19EAEAB7442BBB031D3C /* Build configuration list for PBXNativeTarget "CGL" */ = {
			isa = XCConfigurationList;
			buildConfigurations = (
				41A10D0BEB334471BD17C8C4 /* Debug */,
				ACA717000E0D4090B6B03FCD /* Release */,
				6869623621AD470E9371AE02 /* MinSizeRel */,
				30218489899B47C695C9BB15 /* RelWithDebInfo */,
			);
			defaultConfigurationIsVisible = 0;
			defaultConfigurationName = Debug;
		};
		95E85A0417DC4A1A8E64F05B /* Build configuration list for PBXAggregateTarget "ALL_BUILD" */ = {
			isa = XCConfigurationList;
			buildConfigurations = (
				32136D8FA1BF4B0382F3779E /* Debug */,
				33467B585A83449289ADA635 /* Release */,
				AD3EBF0520804450BD7E507D /* MinSizeRel */,
				C0DAC7566C0B49D4B2A377FB /* RelWithDebInfo */,
			);
			defaultConfigurationIsVisible = 0;
			defaultConfigurationName = Debug;
		};
		C4DB7788F02E4965A8B2A456 /* Build configuration list for PBXAggregateTarget "ZERO_CHECK" */ = {
			isa = XCConfigurationList;
			buildConfigurations = (
				E2447D103047484EBD71BD48 /* Debug */,
				825EADD4B7344955A0F98AD3 /* Release */,
				7DC1492747B74155A1EEF4A5 /* MinSizeRel */,
				580E40009EF94DD9971D9D62 /* RelWithDebInfo */,
			);
			defaultConfigurationIsVisible = 0;
			defaultConfigurationName = Debug;
		};
		F04B724AD5AA4D8799119DDB /* Build configuration list for PBXAggregateTarget "uninstall" */ = {
			isa = XCConfigurationList;
			buildConfigurations = (
				7F601E947A574E098D5F2D03 /* Debug */,
				8A003B4CDE3D4843A3A602E9 /* Release */,
				BC004C6BCE2A425CA9C6942A /* MinSizeRel */,
				F04162292D814E24A16821BC /* RelWithDebInfo */,
			);
			defaultConfigurationIsVisible = 0;
			defaultConfigurationName = Debug;
		};
/* End XCConfigurationList section */
	};
	rootObject = 3570B3E5B3A342288138462F /* Project object */;
}
